// !$*UTF8*$!
{
	archiveVersion = 1;
	classes = {
	};
	objectVersion = 46;
	objects = {

/* Begin PBXBuildFile section */
		3C157F5F1EC639C700D1FBCB /* Network.swift in Sources */ = {isa = PBXBuildFile; fileRef = 3C157F5E1EC639C700D1FBCB /* Network.swift */; };
		3C157F601EC639C700D1FBCB /* Network.swift in Sources */ = {isa = PBXBuildFile; fileRef = 3C157F5E1EC639C700D1FBCB /* Network.swift */; };
		3C1978BC1E8E8DD00084EEC9 /* AFError.swift in Sources */ = {isa = PBXBuildFile; fileRef = 3C19785A1E8E8DD00084EEC9 /* AFError.swift */; };
		3C1978BD1E8E8DD00084EEC9 /* AFError.swift in Sources */ = {isa = PBXBuildFile; fileRef = 3C19785A1E8E8DD00084EEC9 /* AFError.swift */; };
		3C1978BE1E8E8DD00084EEC9 /* Alamofire.swift in Sources */ = {isa = PBXBuildFile; fileRef = 3C19785C1E8E8DD00084EEC9 /* Alamofire.swift */; };
		3C1978BF1E8E8DD00084EEC9 /* Alamofire.swift in Sources */ = {isa = PBXBuildFile; fileRef = 3C19785C1E8E8DD00084EEC9 /* Alamofire.swift */; };
		3C1978C01E8E8DD00084EEC9 /* DispatchQueue+Alamofire.swift in Sources */ = {isa = PBXBuildFile; fileRef = 3C19785D1E8E8DD00084EEC9 /* DispatchQueue+Alamofire.swift */; };
		3C1978C11E8E8DD00084EEC9 /* DispatchQueue+Alamofire.swift in Sources */ = {isa = PBXBuildFile; fileRef = 3C19785D1E8E8DD00084EEC9 /* DispatchQueue+Alamofire.swift */; };
		3C1978C21E8E8DD00084EEC9 /* MultipartFormData.swift in Sources */ = {isa = PBXBuildFile; fileRef = 3C19785E1E8E8DD00084EEC9 /* MultipartFormData.swift */; };
		3C1978C31E8E8DD00084EEC9 /* MultipartFormData.swift in Sources */ = {isa = PBXBuildFile; fileRef = 3C19785E1E8E8DD00084EEC9 /* MultipartFormData.swift */; };
		3C1978C41E8E8DD00084EEC9 /* NetworkReachabilityManager.swift in Sources */ = {isa = PBXBuildFile; fileRef = 3C19785F1E8E8DD00084EEC9 /* NetworkReachabilityManager.swift */; };
		3C1978C51E8E8DD00084EEC9 /* NetworkReachabilityManager.swift in Sources */ = {isa = PBXBuildFile; fileRef = 3C19785F1E8E8DD00084EEC9 /* NetworkReachabilityManager.swift */; };
		3C1978C61E8E8DD00084EEC9 /* Notifications.swift in Sources */ = {isa = PBXBuildFile; fileRef = 3C1978601E8E8DD00084EEC9 /* Notifications.swift */; };
		3C1978C71E8E8DD00084EEC9 /* Notifications.swift in Sources */ = {isa = PBXBuildFile; fileRef = 3C1978601E8E8DD00084EEC9 /* Notifications.swift */; };
		3C1978C81E8E8DD00084EEC9 /* ParameterEncoding.swift in Sources */ = {isa = PBXBuildFile; fileRef = 3C1978611E8E8DD00084EEC9 /* ParameterEncoding.swift */; };
		3C1978C91E8E8DD00084EEC9 /* ParameterEncoding.swift in Sources */ = {isa = PBXBuildFile; fileRef = 3C1978611E8E8DD00084EEC9 /* ParameterEncoding.swift */; };
		3C1978CA1E8E8DD00084EEC9 /* PostParameterEncoding.swift in Sources */ = {isa = PBXBuildFile; fileRef = 3C1978621E8E8DD00084EEC9 /* PostParameterEncoding.swift */; };
		3C1978CB1E8E8DD00084EEC9 /* PostParameterEncoding.swift in Sources */ = {isa = PBXBuildFile; fileRef = 3C1978621E8E8DD00084EEC9 /* PostParameterEncoding.swift */; };
		3C1978CC1E8E8DD00084EEC9 /* Request.swift in Sources */ = {isa = PBXBuildFile; fileRef = 3C1978631E8E8DD00084EEC9 /* Request.swift */; };
		3C1978CD1E8E8DD00084EEC9 /* Request.swift in Sources */ = {isa = PBXBuildFile; fileRef = 3C1978631E8E8DD00084EEC9 /* Request.swift */; };
		3C1978CE1E8E8DD00084EEC9 /* Response.swift in Sources */ = {isa = PBXBuildFile; fileRef = 3C1978641E8E8DD00084EEC9 /* Response.swift */; };
		3C1978CF1E8E8DD00084EEC9 /* Response.swift in Sources */ = {isa = PBXBuildFile; fileRef = 3C1978641E8E8DD00084EEC9 /* Response.swift */; };
		3C1978D01E8E8DD00084EEC9 /* ResponseSerialization.swift in Sources */ = {isa = PBXBuildFile; fileRef = 3C1978651E8E8DD00084EEC9 /* ResponseSerialization.swift */; };
		3C1978D11E8E8DD00084EEC9 /* ResponseSerialization.swift in Sources */ = {isa = PBXBuildFile; fileRef = 3C1978651E8E8DD00084EEC9 /* ResponseSerialization.swift */; };
		3C1978D21E8E8DD00084EEC9 /* Result.swift in Sources */ = {isa = PBXBuildFile; fileRef = 3C1978661E8E8DD00084EEC9 /* Result.swift */; };
		3C1978D31E8E8DD00084EEC9 /* Result.swift in Sources */ = {isa = PBXBuildFile; fileRef = 3C1978661E8E8DD00084EEC9 /* Result.swift */; };
		3C1978D41E8E8DD00084EEC9 /* ServerTrustPolicy.swift in Sources */ = {isa = PBXBuildFile; fileRef = 3C1978671E8E8DD00084EEC9 /* ServerTrustPolicy.swift */; };
		3C1978D51E8E8DD00084EEC9 /* ServerTrustPolicy.swift in Sources */ = {isa = PBXBuildFile; fileRef = 3C1978671E8E8DD00084EEC9 /* ServerTrustPolicy.swift */; };
		3C1978D61E8E8DD00084EEC9 /* SessionDelegate.swift in Sources */ = {isa = PBXBuildFile; fileRef = 3C1978681E8E8DD00084EEC9 /* SessionDelegate.swift */; };
		3C1978D71E8E8DD00084EEC9 /* SessionDelegate.swift in Sources */ = {isa = PBXBuildFile; fileRef = 3C1978681E8E8DD00084EEC9 /* SessionDelegate.swift */; };
		3C1978D81E8E8DD00084EEC9 /* SessionManager.swift in Sources */ = {isa = PBXBuildFile; fileRef = 3C1978691E8E8DD00084EEC9 /* SessionManager.swift */; };
		3C1978D91E8E8DD00084EEC9 /* SessionManager.swift in Sources */ = {isa = PBXBuildFile; fileRef = 3C1978691E8E8DD00084EEC9 /* SessionManager.swift */; };
		3C1978DA1E8E8DD00084EEC9 /* TaskDelegate.swift in Sources */ = {isa = PBXBuildFile; fileRef = 3C19786A1E8E8DD00084EEC9 /* TaskDelegate.swift */; };
		3C1978DB1E8E8DD00084EEC9 /* TaskDelegate.swift in Sources */ = {isa = PBXBuildFile; fileRef = 3C19786A1E8E8DD00084EEC9 /* TaskDelegate.swift */; };
		3C1978DC1E8E8DD00084EEC9 /* Timeline.swift in Sources */ = {isa = PBXBuildFile; fileRef = 3C19786B1E8E8DD00084EEC9 /* Timeline.swift */; };
		3C1978DD1E8E8DD00084EEC9 /* Timeline.swift in Sources */ = {isa = PBXBuildFile; fileRef = 3C19786B1E8E8DD00084EEC9 /* Timeline.swift */; };
		3C1978DE1E8E8DD00084EEC9 /* Validation.swift in Sources */ = {isa = PBXBuildFile; fileRef = 3C19786C1E8E8DD00084EEC9 /* Validation.swift */; };
		3C1978DF1E8E8DD00084EEC9 /* Validation.swift in Sources */ = {isa = PBXBuildFile; fileRef = 3C19786C1E8E8DD00084EEC9 /* Validation.swift */; };
		3C1978E01E8E8DD00084EEC9 /* AmazonS3ACL.swift in Sources */ = {isa = PBXBuildFile; fileRef = 3C19786E1E8E8DD00084EEC9 /* AmazonS3ACL.swift */; };
		3C1978E11E8E8DD00084EEC9 /* AmazonS3ACL.swift in Sources */ = {isa = PBXBuildFile; fileRef = 3C19786E1E8E8DD00084EEC9 /* AmazonS3ACL.swift */; };
		3C1978E21E8E8DD00084EEC9 /* AmazonS3Error.swift in Sources */ = {isa = PBXBuildFile; fileRef = 3C19786F1E8E8DD00084EEC9 /* AmazonS3Error.swift */; };
		3C1978E31E8E8DD00084EEC9 /* AmazonS3Error.swift in Sources */ = {isa = PBXBuildFile; fileRef = 3C19786F1E8E8DD00084EEC9 /* AmazonS3Error.swift */; };
		3C1978E41E8E8DD00084EEC9 /* AmazonS3RequestManager.swift in Sources */ = {isa = PBXBuildFile; fileRef = 3C1978711E8E8DD00084EEC9 /* AmazonS3RequestManager.swift */; };
		3C1978E51E8E8DD00084EEC9 /* AmazonS3RequestManager.swift in Sources */ = {isa = PBXBuildFile; fileRef = 3C1978711E8E8DD00084EEC9 /* AmazonS3RequestManager.swift */; };
		3C1978E61E8E8DD00084EEC9 /* AmazonS3RequestSerializer.swift in Sources */ = {isa = PBXBuildFile; fileRef = 3C1978721E8E8DD00084EEC9 /* AmazonS3RequestSerializer.swift */; };
		3C1978E71E8E8DD00084EEC9 /* AmazonS3RequestSerializer.swift in Sources */ = {isa = PBXBuildFile; fileRef = 3C1978721E8E8DD00084EEC9 /* AmazonS3RequestSerializer.swift */; };
		3C1978E81E8E8DD00084EEC9 /* AmazonS3ResponseObjects.swift in Sources */ = {isa = PBXBuildFile; fileRef = 3C1978731E8E8DD00084EEC9 /* AmazonS3ResponseObjects.swift */; };
		3C1978E91E8E8DD00084EEC9 /* AmazonS3ResponseObjects.swift in Sources */ = {isa = PBXBuildFile; fileRef = 3C1978731E8E8DD00084EEC9 /* AmazonS3ResponseObjects.swift */; };
		3C1978EA1E8E8DD00084EEC9 /* AmazonS3ResponseSerialization.swift in Sources */ = {isa = PBXBuildFile; fileRef = 3C1978741E8E8DD00084EEC9 /* AmazonS3ResponseSerialization.swift */; };
		3C1978EB1E8E8DD00084EEC9 /* AmazonS3ResponseSerialization.swift in Sources */ = {isa = PBXBuildFile; fileRef = 3C1978741E8E8DD00084EEC9 /* AmazonS3ResponseSerialization.swift */; };
		3C1978EC1E8E8DD00084EEC9 /* AmazonS3SignatureHelpers.m in Sources */ = {isa = PBXBuildFile; fileRef = 3C1978761E8E8DD00084EEC9 /* AmazonS3SignatureHelpers.m */; };
		3C1978ED1E8E8DD00084EEC9 /* AmazonS3SignatureHelpers.m in Sources */ = {isa = PBXBuildFile; fileRef = 3C1978761E8E8DD00084EEC9 /* AmazonS3SignatureHelpers.m */; };
		3C1978EE1E8E8DD00084EEC9 /* SWXMLHash+TypeConversion.swift in Sources */ = {isa = PBXBuildFile; fileRef = 3C1978771E8E8DD00084EEC9 /* SWXMLHash+TypeConversion.swift */; };
		3C1978EF1E8E8DD00084EEC9 /* SWXMLHash+TypeConversion.swift in Sources */ = {isa = PBXBuildFile; fileRef = 3C1978771E8E8DD00084EEC9 /* SWXMLHash+TypeConversion.swift */; };
		3C1978F01E8E8DD00084EEC9 /* SWXMLHash.swift in Sources */ = {isa = PBXBuildFile; fileRef = 3C1978791E8E8DD00084EEC9 /* SWXMLHash.swift */; };
		3C1978F11E8E8DD00084EEC9 /* SWXMLHash.swift in Sources */ = {isa = PBXBuildFile; fileRef = 3C1978791E8E8DD00084EEC9 /* SWXMLHash.swift */; };
		3C1978F21E8E8DD00084EEC9 /* Crashlytics.framework in Frameworks */ = {isa = PBXBuildFile; fileRef = 3C19787C1E8E8DD00084EEC9 /* Crashlytics.framework */; };
		3C1978F41E8E8DD00084EEC9 /* Fabric.framework in Frameworks */ = {isa = PBXBuildFile; fileRef = 3C19787D1E8E8DD00084EEC9 /* Fabric.framework */; };
		3C1978F71E8E8DD00084EEC9 /* Crashlytics.framework in Frameworks */ = {isa = PBXBuildFile; fileRef = 3C19787F1E8E8DD00084EEC9 /* Crashlytics.framework */; };
		3C1978F91E8E8DD00084EEC9 /* Fabric.framework in Frameworks */ = {isa = PBXBuildFile; fileRef = 3C1978801E8E8DD00084EEC9 /* Fabric.framework */; };
		3C1978FA1E8E8DD00084EEC9 /* CryptLib.m in Sources */ = {isa = PBXBuildFile; fileRef = 3C1978831E8E8DD00084EEC9 /* CryptLib.m */; };
		3C1978FB1E8E8DD00084EEC9 /* CryptLib.m in Sources */ = {isa = PBXBuildFile; fileRef = 3C1978831E8E8DD00084EEC9 /* CryptLib.m */; };
		3C1978FC1E8E8DD00084EEC9 /* EasyEncryption.swift in Sources */ = {isa = PBXBuildFile; fileRef = 3C1978841E8E8DD00084EEC9 /* EasyEncryption.swift */; };
		3C1978FD1E8E8DD00084EEC9 /* EasyEncryption.swift in Sources */ = {isa = PBXBuildFile; fileRef = 3C1978841E8E8DD00084EEC9 /* EasyEncryption.swift */; };
		3C1978FE1E8E8DD00084EEC9 /* Blob.swift in Sources */ = {isa = PBXBuildFile; fileRef = 3C1978871E8E8DD00084EEC9 /* Blob.swift */; };
		3C1978FF1E8E8DD00084EEC9 /* Blob.swift in Sources */ = {isa = PBXBuildFile; fileRef = 3C1978871E8E8DD00084EEC9 /* Blob.swift */; };
		3C1979001E8E8DD00084EEC9 /* Connection.swift in Sources */ = {isa = PBXBuildFile; fileRef = 3C1978881E8E8DD00084EEC9 /* Connection.swift */; };
		3C1979011E8E8DD00084EEC9 /* Connection.swift in Sources */ = {isa = PBXBuildFile; fileRef = 3C1978881E8E8DD00084EEC9 /* Connection.swift */; };
		3C1979021E8E8DD00084EEC9 /* SQLite-Bridging.m in Sources */ = {isa = PBXBuildFile; fileRef = 3C19788B1E8E8DD00084EEC9 /* SQLite-Bridging.m */; };
		3C1979031E8E8DD00084EEC9 /* SQLite-Bridging.m in Sources */ = {isa = PBXBuildFile; fileRef = 3C19788B1E8E8DD00084EEC9 /* SQLite-Bridging.m */; };
		3C1979041E8E8DD00084EEC9 /* Statement.swift in Sources */ = {isa = PBXBuildFile; fileRef = 3C19788C1E8E8DD00084EEC9 /* Statement.swift */; };
		3C1979051E8E8DD00084EEC9 /* Statement.swift in Sources */ = {isa = PBXBuildFile; fileRef = 3C19788C1E8E8DD00084EEC9 /* Statement.swift */; };
		3C1979061E8E8DD00084EEC9 /* Value.swift in Sources */ = {isa = PBXBuildFile; fileRef = 3C19788D1E8E8DD00084EEC9 /* Value.swift */; };
		3C1979071E8E8DD00084EEC9 /* Value.swift in Sources */ = {isa = PBXBuildFile; fileRef = 3C19788D1E8E8DD00084EEC9 /* Value.swift */; };
		3C1979081E8E8DD00084EEC9 /* FTS4.swift in Sources */ = {isa = PBXBuildFile; fileRef = 3C19788F1E8E8DD00084EEC9 /* FTS4.swift */; };
		3C1979091E8E8DD00084EEC9 /* FTS4.swift in Sources */ = {isa = PBXBuildFile; fileRef = 3C19788F1E8E8DD00084EEC9 /* FTS4.swift */; };
		3C19790A1E8E8DD00084EEC9 /* FTS5.swift in Sources */ = {isa = PBXBuildFile; fileRef = 3C1978901E8E8DD00084EEC9 /* FTS5.swift */; };
		3C19790B1E8E8DD00084EEC9 /* FTS5.swift in Sources */ = {isa = PBXBuildFile; fileRef = 3C1978901E8E8DD00084EEC9 /* FTS5.swift */; };
		3C19790C1E8E8DD00084EEC9 /* RTree.swift in Sources */ = {isa = PBXBuildFile; fileRef = 3C1978911E8E8DD00084EEC9 /* RTree.swift */; };
		3C19790D1E8E8DD00084EEC9 /* RTree.swift in Sources */ = {isa = PBXBuildFile; fileRef = 3C1978911E8E8DD00084EEC9 /* RTree.swift */; };
		3C19790E1E8E8DD00084EEC9 /* Foundation.swift in Sources */ = {isa = PBXBuildFile; fileRef = 3C1978921E8E8DD00084EEC9 /* Foundation.swift */; };
		3C19790F1E8E8DD00084EEC9 /* Foundation.swift in Sources */ = {isa = PBXBuildFile; fileRef = 3C1978921E8E8DD00084EEC9 /* Foundation.swift */; };
		3C1979101E8E8DD00084EEC9 /* Helpers.swift in Sources */ = {isa = PBXBuildFile; fileRef = 3C1978931E8E8DD00084EEC9 /* Helpers.swift */; };
		3C1979111E8E8DD00084EEC9 /* Helpers.swift in Sources */ = {isa = PBXBuildFile; fileRef = 3C1978931E8E8DD00084EEC9 /* Helpers.swift */; };
		3C1979121E8E8DD00084EEC9 /* AggregateFunctions.swift in Sources */ = {isa = PBXBuildFile; fileRef = 3C1978961E8E8DD00084EEC9 /* AggregateFunctions.swift */; };
		3C1979131E8E8DD00084EEC9 /* AggregateFunctions.swift in Sources */ = {isa = PBXBuildFile; fileRef = 3C1978961E8E8DD00084EEC9 /* AggregateFunctions.swift */; };
		3C1979141E8E8DD00084EEC9 /* Collation.swift in Sources */ = {isa = PBXBuildFile; fileRef = 3C1978971E8E8DD00084EEC9 /* Collation.swift */; };
		3C1979151E8E8DD00084EEC9 /* Collation.swift in Sources */ = {isa = PBXBuildFile; fileRef = 3C1978971E8E8DD00084EEC9 /* Collation.swift */; };
		3C1979161E8E8DD00084EEC9 /* CoreFunctions.swift in Sources */ = {isa = PBXBuildFile; fileRef = 3C1978981E8E8DD00084EEC9 /* CoreFunctions.swift */; };
		3C1979171E8E8DD00084EEC9 /* CoreFunctions.swift in Sources */ = {isa = PBXBuildFile; fileRef = 3C1978981E8E8DD00084EEC9 /* CoreFunctions.swift */; };
		3C1979181E8E8DD00084EEC9 /* CustomFunctions.swift in Sources */ = {isa = PBXBuildFile; fileRef = 3C1978991E8E8DD00084EEC9 /* CustomFunctions.swift */; };
		3C1979191E8E8DD00084EEC9 /* CustomFunctions.swift in Sources */ = {isa = PBXBuildFile; fileRef = 3C1978991E8E8DD00084EEC9 /* CustomFunctions.swift */; };
		3C19791A1E8E8DD00084EEC9 /* Expression.swift in Sources */ = {isa = PBXBuildFile; fileRef = 3C19789A1E8E8DD00084EEC9 /* Expression.swift */; };
		3C19791B1E8E8DD00084EEC9 /* Expression.swift in Sources */ = {isa = PBXBuildFile; fileRef = 3C19789A1E8E8DD00084EEC9 /* Expression.swift */; };
		3C19791C1E8E8DD00084EEC9 /* Operators.swift in Sources */ = {isa = PBXBuildFile; fileRef = 3C19789B1E8E8DD00084EEC9 /* Operators.swift */; };
		3C19791D1E8E8DD00084EEC9 /* Operators.swift in Sources */ = {isa = PBXBuildFile; fileRef = 3C19789B1E8E8DD00084EEC9 /* Operators.swift */; };
		3C19791E1E8E8DD00084EEC9 /* Query.swift in Sources */ = {isa = PBXBuildFile; fileRef = 3C19789C1E8E8DD00084EEC9 /* Query.swift */; };
		3C19791F1E8E8DD00084EEC9 /* Query.swift in Sources */ = {isa = PBXBuildFile; fileRef = 3C19789C1E8E8DD00084EEC9 /* Query.swift */; };
		3C1979201E8E8DD00084EEC9 /* Schema.swift in Sources */ = {isa = PBXBuildFile; fileRef = 3C19789D1E8E8DD00084EEC9 /* Schema.swift */; };
		3C1979211E8E8DD00084EEC9 /* Schema.swift in Sources */ = {isa = PBXBuildFile; fileRef = 3C19789D1E8E8DD00084EEC9 /* Schema.swift */; };
		3C1979221E8E8DD00084EEC9 /* Setter.swift in Sources */ = {isa = PBXBuildFile; fileRef = 3C19789E1E8E8DD00084EEC9 /* Setter.swift */; };
		3C1979231E8E8DD00084EEC9 /* Setter.swift in Sources */ = {isa = PBXBuildFile; fileRef = 3C19789E1E8E8DD00084EEC9 /* Setter.swift */; };
		3C1979241E8E8DD00084EEC9 /* Bundle.swift in Sources */ = {isa = PBXBuildFile; fileRef = 3C1978A01E8E8DD00084EEC9 /* Bundle.swift */; };
		3C1979251E8E8DD00084EEC9 /* Bundle.swift in Sources */ = {isa = PBXBuildFile; fileRef = 3C1978A01E8E8DD00084EEC9 /* Bundle.swift */; };
		3C1979261E8E8DD00084EEC9 /* EasyColor.swift in Sources */ = {isa = PBXBuildFile; fileRef = 3C1978A11E8E8DD00084EEC9 /* EasyColor.swift */; };
		3C1979271E8E8DD00084EEC9 /* EasyColor.swift in Sources */ = {isa = PBXBuildFile; fileRef = 3C1978A11E8E8DD00084EEC9 /* EasyColor.swift */; };
		3C1979281E8E8DD00084EEC9 /* EasyTimer.swift in Sources */ = {isa = PBXBuildFile; fileRef = 3C1978A21E8E8DD00084EEC9 /* EasyTimer.swift */; };
		3C1979291E8E8DD00084EEC9 /* EasyTimer.swift in Sources */ = {isa = PBXBuildFile; fileRef = 3C1978A21E8E8DD00084EEC9 /* EasyTimer.swift */; };
		3C19792A1E8E8DD00084EEC9 /* File.swift in Sources */ = {isa = PBXBuildFile; fileRef = 3C1978A31E8E8DD00084EEC9 /* File.swift */; };
		3C19792B1E8E8DD00084EEC9 /* File.swift in Sources */ = {isa = PBXBuildFile; fileRef = 3C1978A31E8E8DD00084EEC9 /* File.swift */; };
		3C19792C1E8E8DD00084EEC9 /* JSON.swift in Sources */ = {isa = PBXBuildFile; fileRef = 3C1978A41E8E8DD00084EEC9 /* JSON.swift */; };
		3C19792D1E8E8DD00084EEC9 /* JSON.swift in Sources */ = {isa = PBXBuildFile; fileRef = 3C1978A41E8E8DD00084EEC9 /* JSON.swift */; };
		3C19792E1E8E8DD00084EEC9 /* Math.swift in Sources */ = {isa = PBXBuildFile; fileRef = 3C1978A51E8E8DD00084EEC9 /* Math.swift */; };
		3C19792F1E8E8DD00084EEC9 /* Math.swift in Sources */ = {isa = PBXBuildFile; fileRef = 3C1978A51E8E8DD00084EEC9 /* Math.swift */; };
		3C1979321E8E8DD00084EEC9 /* NSDictionary.swift in Sources */ = {isa = PBXBuildFile; fileRef = 3C1978A71E8E8DD00084EEC9 /* NSDictionary.swift */; };
		3C1979331E8E8DD00084EEC9 /* NSDictionary.swift in Sources */ = {isa = PBXBuildFile; fileRef = 3C1978A71E8E8DD00084EEC9 /* NSDictionary.swift */; };
		3C1979341E8E8DD00084EEC9 /* Session.swift in Sources */ = {isa = PBXBuildFile; fileRef = 3C1978A81E8E8DD00084EEC9 /* Session.swift */; };
		3C1979351E8E8DD00084EEC9 /* Session.swift in Sources */ = {isa = PBXBuildFile; fileRef = 3C1978A81E8E8DD00084EEC9 /* Session.swift */; };
		3C1979361E8E8DD00084EEC9 /* Sky.swift in Sources */ = {isa = PBXBuildFile; fileRef = 3C1978A91E8E8DD00084EEC9 /* Sky.swift */; };
		3C1979371E8E8DD00084EEC9 /* Sky.swift in Sources */ = {isa = PBXBuildFile; fileRef = 3C1978A91E8E8DD00084EEC9 /* Sky.swift */; };
		3C1979381E8E8DD00084EEC9 /* SkyFunction.swift in Sources */ = {isa = PBXBuildFile; fileRef = 3C1978AA1E8E8DD00084EEC9 /* SkyFunction.swift */; };
		3C1979391E8E8DD00084EEC9 /* SkyFunction.swift in Sources */ = {isa = PBXBuildFile; fileRef = 3C1978AA1E8E8DD00084EEC9 /* SkyFunction.swift */; };
		3C19793A1E8E8DD00084EEC9 /* SoundEffects.swift in Sources */ = {isa = PBXBuildFile; fileRef = 3C1978AB1E8E8DD00084EEC9 /* SoundEffects.swift */; };
		3C19793B1E8E8DD00084EEC9 /* SoundEffects.swift in Sources */ = {isa = PBXBuildFile; fileRef = 3C1978AB1E8E8DD00084EEC9 /* SoundEffects.swift */; };
		3C19793C1E8E8DD00084EEC9 /* StopWatch.swift in Sources */ = {isa = PBXBuildFile; fileRef = 3C1978AC1E8E8DD00084EEC9 /* StopWatch.swift */; };
		3C19793D1E8E8DD00084EEC9 /* StopWatch.swift in Sources */ = {isa = PBXBuildFile; fileRef = 3C1978AC1E8E8DD00084EEC9 /* StopWatch.swift */; };
		3C19793E1E8E8DD00084EEC9 /* String.swift in Sources */ = {isa = PBXBuildFile; fileRef = 3C1978AD1E8E8DD00084EEC9 /* String.swift */; };
		3C19793F1E8E8DD00084EEC9 /* String.swift in Sources */ = {isa = PBXBuildFile; fileRef = 3C1978AD1E8E8DD00084EEC9 /* String.swift */; };
		3C1979401E8E8DD00084EEC9 /* WKWebView.swift in Sources */ = {isa = PBXBuildFile; fileRef = 3C1978AE1E8E8DD00084EEC9 /* WKWebView.swift */; };
		3C1979411E8E8DD00084EEC9 /* WKWebView.swift in Sources */ = {isa = PBXBuildFile; fileRef = 3C1978AE1E8E8DD00084EEC9 /* WKWebView.swift */; };
		3C1979551E8E8DDB0084EEC9 /* web in Resources */ = {isa = PBXBuildFile; fileRef = 3C1979541E8E8DDB0084EEC9 /* web */; };
		3C1979561E8E8DDB0084EEC9 /* web in Resources */ = {isa = PBXBuildFile; fileRef = 3C1979541E8E8DDB0084EEC9 /* web */; };
		3C1979591E8E8DFF0084EEC9 /* libsqlite3.0.tbd in Frameworks */ = {isa = PBXBuildFile; fileRef = 3C1979581E8E8DFF0084EEC9 /* libsqlite3.0.tbd */; };
		3C19795A1E8E8E050084EEC9 /* libsqlite3.0.tbd in Frameworks */ = {isa = PBXBuildFile; fileRef = 3C1979581E8E8DFF0084EEC9 /* libsqlite3.0.tbd */; };
		3C4078951E6B2AEE00FB56BC /* ViewController.xib in Resources */ = {isa = PBXBuildFile; fileRef = 3C4078931E6B2AEE00FB56BC /* ViewController.xib */; };
		3C932E3E1F03C63900CE974B /* KeyboardShortcuts.swift in Sources */ = {isa = PBXBuildFile; fileRef = 3C932E3D1F03C63900CE974B /* KeyboardShortcuts.swift */; };
		3C9CEA761EC634E10006246E /* API.swift in Sources */ = {isa = PBXBuildFile; fileRef = 3C9CEA731EC634E10006246E /* API.swift */; };
		3C9CEA771EC634E10006246E /* API.swift in Sources */ = {isa = PBXBuildFile; fileRef = 3C9CEA731EC634E10006246E /* API.swift */; };
		3C9CEA781EC634E10006246E /* APIResponse.swift in Sources */ = {isa = PBXBuildFile; fileRef = 3C9CEA741EC634E10006246E /* APIResponse.swift */; };
		3C9CEA791EC634E10006246E /* APIResponse.swift in Sources */ = {isa = PBXBuildFile; fileRef = 3C9CEA741EC634E10006246E /* APIResponse.swift */; };
		3C9CEA7A1EC634E10006246E /* SSO.swift in Sources */ = {isa = PBXBuildFile; fileRef = 3C9CEA751EC634E10006246E /* SSO.swift */; };
		3C9CEA7B1EC634E10006246E /* SSO.swift in Sources */ = {isa = PBXBuildFile; fileRef = 3C9CEA751EC634E10006246E /* SSO.swift */; };
		3CA2F3E01E6B1A7B004993D4 /* AppDelegate.swift in Sources */ = {isa = PBXBuildFile; fileRef = 3CA2F3DF1E6B1A7B004993D4 /* AppDelegate.swift */; };
		3CA2F3E21E6B1A7B004993D4 /* ViewController.swift in Sources */ = {isa = PBXBuildFile; fileRef = 3CA2F3E11E6B1A7B004993D4 /* ViewController.swift */; };
		3CA2F3E51E6B1A7B004993D4 /* Main.storyboard in Resources */ = {isa = PBXBuildFile; fileRef = 3CA2F3E31E6B1A7B004993D4 /* Main.storyboard */; };
		3CA2F3E71E6B1A7B004993D4 /* Assets.xcassets in Resources */ = {isa = PBXBuildFile; fileRef = 3CA2F3E61E6B1A7B004993D4 /* Assets.xcassets */; };
		3CA2F3EA1E6B1A7B004993D4 /* LaunchScreen.storyboard in Resources */ = {isa = PBXBuildFile; fileRef = 3CA2F3E81E6B1A7B004993D4 /* LaunchScreen.storyboard */; };
		3CA2F3F61E6B1AF7004993D4 /* AppDelegate.swift in Sources */ = {isa = PBXBuildFile; fileRef = 3CA2F3F51E6B1AF7004993D4 /* AppDelegate.swift */; };
		3CA2F3F81E6B1AF7004993D4 /* Assets.xcassets in Resources */ = {isa = PBXBuildFile; fileRef = 3CA2F3F71E6B1AF7004993D4 /* Assets.xcassets */; };
		3CA2F3FB1E6B1AF7004993D4 /* MainMenu.xib in Resources */ = {isa = PBXBuildFile; fileRef = 3CA2F3F91E6B1AF7004993D4 /* MainMenu.xib */; };
		3CA2F4411E6B1C1B004993D4 /* App.swift in Sources */ = {isa = PBXBuildFile; fileRef = 3CA2F40C1E6B1C1B004993D4 /* App.swift */; };
		3CA2F4421E6B1C1B004993D4 /* App.swift in Sources */ = {isa = PBXBuildFile; fileRef = 3CA2F40C1E6B1C1B004993D4 /* App.swift */; };
		3CA2F4431E6B1C1B004993D4 /* Fig.swift in Sources */ = {isa = PBXBuildFile; fileRef = 3CA2F40D1E6B1C1B004993D4 /* Fig.swift */; };
		3CA2F4441E6B1C1B004993D4 /* Fig.swift in Sources */ = {isa = PBXBuildFile; fileRef = 3CA2F40D1E6B1C1B004993D4 /* Fig.swift */; };
		3CA2F48C1E6B1C7E004993D4 /* css in Resources */ = {isa = PBXBuildFile; fileRef = 3CA2F4881E6B1C7E004993D4 /* css */; };
		3CA2F48D1E6B1C7E004993D4 /* css in Resources */ = {isa = PBXBuildFile; fileRef = 3CA2F4881E6B1C7E004993D4 /* css */; };
		3CA2F48E1E6B1C7E004993D4 /* extra in Resources */ = {isa = PBXBuildFile; fileRef = 3CA2F4891E6B1C7E004993D4 /* extra */; };
		3CA2F48F1E6B1C7E004993D4 /* extra in Resources */ = {isa = PBXBuildFile; fileRef = 3CA2F4891E6B1C7E004993D4 /* extra */; };
		3CA2F4901E6B1C7E004993D4 /* html in Resources */ = {isa = PBXBuildFile; fileRef = 3CA2F48A1E6B1C7E004993D4 /* html */; };
		3CA2F4911E6B1C7E004993D4 /* html in Resources */ = {isa = PBXBuildFile; fileRef = 3CA2F48A1E6B1C7E004993D4 /* html */; };
		3CA2F4921E6B1C7E004993D4 /* javascript in Resources */ = {isa = PBXBuildFile; fileRef = 3CA2F48B1E6B1C7E004993D4 /* javascript */; };
		3CA2F4931E6B1C7E004993D4 /* javascript in Resources */ = {isa = PBXBuildFile; fileRef = 3CA2F48B1E6B1C7E004993D4 /* javascript */; };
		3CA2F4981E6B1DAE004993D4 /* ViewController.swift in Sources */ = {isa = PBXBuildFile; fileRef = 3CA2F4971E6B1DAE004993D4 /* ViewController.swift */; };
		3CEE02211F39147D005147CB /* Int.swift in Sources */ = {isa = PBXBuildFile; fileRef = 3CEE02201F39147D005147CB /* Int.swift */; };
		3CEE02221F39147D005147CB /* Int.swift in Sources */ = {isa = PBXBuildFile; fileRef = 3CEE02201F39147D005147CB /* Int.swift */; };
/* End PBXBuildFile section */

/* Begin PBXCopyFilesBuildPhase section */
		3CA2F4841E6B1C30004993D4 /* Embed Frameworks */ = {
			isa = PBXCopyFilesBuildPhase;
			buildActionMask = 2147483647;
			dstPath = "";
			dstSubfolderSpec = 10;
			files = (
			);
			name = "Embed Frameworks";
			runOnlyForDeploymentPostprocessing = 0;
		};
		3CA2F4871E6B1C37004993D4 /* Embed Frameworks */ = {
			isa = PBXCopyFilesBuildPhase;
			buildActionMask = 2147483647;
			dstPath = "";
			dstSubfolderSpec = 10;
			files = (
			);
			name = "Embed Frameworks";
			runOnlyForDeploymentPostprocessing = 0;
		};
/* End PBXCopyFilesBuildPhase section */

/* Begin PBXFileReference section */
		3C157F5E1EC639C700D1FBCB /* Network.swift */ = {isa = PBXFileReference; fileEncoding = 4; lastKnownFileType = sourcecode.swift; path = Network.swift; sourceTree = "<group>"; };
		3C19785A1E8E8DD00084EEC9 /* AFError.swift */ = {isa = PBXFileReference; fileEncoding = 4; lastKnownFileType = sourcecode.swift; path = AFError.swift; sourceTree = "<group>"; };
		3C19785B1E8E8DD00084EEC9 /* Alamofire.h */ = {isa = PBXFileReference; fileEncoding = 4; lastKnownFileType = sourcecode.c.h; path = Alamofire.h; sourceTree = "<group>"; };
		3C19785C1E8E8DD00084EEC9 /* Alamofire.swift */ = {isa = PBXFileReference; fileEncoding = 4; lastKnownFileType = sourcecode.swift; path = Alamofire.swift; sourceTree = "<group>"; };
		3C19785D1E8E8DD00084EEC9 /* DispatchQueue+Alamofire.swift */ = {isa = PBXFileReference; fileEncoding = 4; lastKnownFileType = sourcecode.swift; path = "DispatchQueue+Alamofire.swift"; sourceTree = "<group>"; };
		3C19785E1E8E8DD00084EEC9 /* MultipartFormData.swift */ = {isa = PBXFileReference; fileEncoding = 4; lastKnownFileType = sourcecode.swift; path = MultipartFormData.swift; sourceTree = "<group>"; };
		3C19785F1E8E8DD00084EEC9 /* NetworkReachabilityManager.swift */ = {isa = PBXFileReference; fileEncoding = 4; lastKnownFileType = sourcecode.swift; path = NetworkReachabilityManager.swift; sourceTree = "<group>"; };
		3C1978601E8E8DD00084EEC9 /* Notifications.swift */ = {isa = PBXFileReference; fileEncoding = 4; lastKnownFileType = sourcecode.swift; path = Notifications.swift; sourceTree = "<group>"; };
		3C1978611E8E8DD00084EEC9 /* ParameterEncoding.swift */ = {isa = PBXFileReference; fileEncoding = 4; lastKnownFileType = sourcecode.swift; path = ParameterEncoding.swift; sourceTree = "<group>"; };
		3C1978621E8E8DD00084EEC9 /* PostParameterEncoding.swift */ = {isa = PBXFileReference; fileEncoding = 4; lastKnownFileType = sourcecode.swift; path = PostParameterEncoding.swift; sourceTree = "<group>"; };
		3C1978631E8E8DD00084EEC9 /* Request.swift */ = {isa = PBXFileReference; fileEncoding = 4; lastKnownFileType = sourcecode.swift; path = Request.swift; sourceTree = "<group>"; };
		3C1978641E8E8DD00084EEC9 /* Response.swift */ = {isa = PBXFileReference; fileEncoding = 4; lastKnownFileType = sourcecode.swift; path = Response.swift; sourceTree = "<group>"; };
		3C1978651E8E8DD00084EEC9 /* ResponseSerialization.swift */ = {isa = PBXFileReference; fileEncoding = 4; lastKnownFileType = sourcecode.swift; path = ResponseSerialization.swift; sourceTree = "<group>"; };
		3C1978661E8E8DD00084EEC9 /* Result.swift */ = {isa = PBXFileReference; fileEncoding = 4; lastKnownFileType = sourcecode.swift; path = Result.swift; sourceTree = "<group>"; };
		3C1978671E8E8DD00084EEC9 /* ServerTrustPolicy.swift */ = {isa = PBXFileReference; fileEncoding = 4; lastKnownFileType = sourcecode.swift; path = ServerTrustPolicy.swift; sourceTree = "<group>"; };
		3C1978681E8E8DD00084EEC9 /* SessionDelegate.swift */ = {isa = PBXFileReference; fileEncoding = 4; lastKnownFileType = sourcecode.swift; path = SessionDelegate.swift; sourceTree = "<group>"; };
		3C1978691E8E8DD00084EEC9 /* SessionManager.swift */ = {isa = PBXFileReference; fileEncoding = 4; lastKnownFileType = sourcecode.swift; path = SessionManager.swift; sourceTree = "<group>"; };
		3C19786A1E8E8DD00084EEC9 /* TaskDelegate.swift */ = {isa = PBXFileReference; fileEncoding = 4; lastKnownFileType = sourcecode.swift; path = TaskDelegate.swift; sourceTree = "<group>"; };
		3C19786B1E8E8DD00084EEC9 /* Timeline.swift */ = {isa = PBXFileReference; fileEncoding = 4; lastKnownFileType = sourcecode.swift; path = Timeline.swift; sourceTree = "<group>"; };
		3C19786C1E8E8DD00084EEC9 /* Validation.swift */ = {isa = PBXFileReference; fileEncoding = 4; lastKnownFileType = sourcecode.swift; path = Validation.swift; sourceTree = "<group>"; };
		3C19786E1E8E8DD00084EEC9 /* AmazonS3ACL.swift */ = {isa = PBXFileReference; fileEncoding = 4; lastKnownFileType = sourcecode.swift; path = AmazonS3ACL.swift; sourceTree = "<group>"; };
		3C19786F1E8E8DD00084EEC9 /* AmazonS3Error.swift */ = {isa = PBXFileReference; fileEncoding = 4; lastKnownFileType = sourcecode.swift; path = AmazonS3Error.swift; sourceTree = "<group>"; };
		3C1978701E8E8DD00084EEC9 /* AmazonS3RequestManager.h */ = {isa = PBXFileReference; fileEncoding = 4; lastKnownFileType = sourcecode.c.h; path = AmazonS3RequestManager.h; sourceTree = "<group>"; };
		3C1978711E8E8DD00084EEC9 /* AmazonS3RequestManager.swift */ = {isa = PBXFileReference; fileEncoding = 4; lastKnownFileType = sourcecode.swift; path = AmazonS3RequestManager.swift; sourceTree = "<group>"; };
		3C1978721E8E8DD00084EEC9 /* AmazonS3RequestSerializer.swift */ = {isa = PBXFileReference; fileEncoding = 4; lastKnownFileType = sourcecode.swift; path = AmazonS3RequestSerializer.swift; sourceTree = "<group>"; };
		3C1978731E8E8DD00084EEC9 /* AmazonS3ResponseObjects.swift */ = {isa = PBXFileReference; fileEncoding = 4; lastKnownFileType = sourcecode.swift; path = AmazonS3ResponseObjects.swift; sourceTree = "<group>"; };
		3C1978741E8E8DD00084EEC9 /* AmazonS3ResponseSerialization.swift */ = {isa = PBXFileReference; fileEncoding = 4; lastKnownFileType = sourcecode.swift; path = AmazonS3ResponseSerialization.swift; sourceTree = "<group>"; };
		3C1978751E8E8DD00084EEC9 /* AmazonS3SignatureHelpers.h */ = {isa = PBXFileReference; fileEncoding = 4; lastKnownFileType = sourcecode.c.h; path = AmazonS3SignatureHelpers.h; sourceTree = "<group>"; };
		3C1978761E8E8DD00084EEC9 /* AmazonS3SignatureHelpers.m */ = {isa = PBXFileReference; fileEncoding = 4; lastKnownFileType = sourcecode.c.objc; path = AmazonS3SignatureHelpers.m; sourceTree = "<group>"; };
		3C1978771E8E8DD00084EEC9 /* SWXMLHash+TypeConversion.swift */ = {isa = PBXFileReference; fileEncoding = 4; lastKnownFileType = sourcecode.swift; path = "SWXMLHash+TypeConversion.swift"; sourceTree = "<group>"; };
		3C1978781E8E8DD00084EEC9 /* SWXMLHash.h */ = {isa = PBXFileReference; fileEncoding = 4; lastKnownFileType = sourcecode.c.h; path = SWXMLHash.h; sourceTree = "<group>"; };
		3C1978791E8E8DD00084EEC9 /* SWXMLHash.swift */ = {isa = PBXFileReference; fileEncoding = 4; lastKnownFileType = sourcecode.swift; path = SWXMLHash.swift; sourceTree = "<group>"; };
		3C19787C1E8E8DD00084EEC9 /* Crashlytics.framework */ = {isa = PBXFileReference; lastKnownFileType = wrapper.framework; path = Crashlytics.framework; sourceTree = "<group>"; };
		3C19787D1E8E8DD00084EEC9 /* Fabric.framework */ = {isa = PBXFileReference; lastKnownFileType = wrapper.framework; path = Fabric.framework; sourceTree = "<group>"; };
		3C19787F1E8E8DD00084EEC9 /* Crashlytics.framework */ = {isa = PBXFileReference; lastKnownFileType = wrapper.framework; path = Crashlytics.framework; sourceTree = "<group>"; };
		3C1978801E8E8DD00084EEC9 /* Fabric.framework */ = {isa = PBXFileReference; lastKnownFileType = wrapper.framework; path = Fabric.framework; sourceTree = "<group>"; };
		3C1978821E8E8DD00084EEC9 /* CryptLib.h */ = {isa = PBXFileReference; fileEncoding = 4; lastKnownFileType = sourcecode.c.h; path = CryptLib.h; sourceTree = "<group>"; };
		3C1978831E8E8DD00084EEC9 /* CryptLib.m */ = {isa = PBXFileReference; fileEncoding = 4; lastKnownFileType = sourcecode.c.objc; path = CryptLib.m; sourceTree = "<group>"; };
		3C1978841E8E8DD00084EEC9 /* EasyEncryption.swift */ = {isa = PBXFileReference; fileEncoding = 4; lastKnownFileType = sourcecode.swift; path = EasyEncryption.swift; sourceTree = "<group>"; };
		3C1978871E8E8DD00084EEC9 /* Blob.swift */ = {isa = PBXFileReference; fileEncoding = 4; lastKnownFileType = sourcecode.swift; path = Blob.swift; sourceTree = "<group>"; };
		3C1978881E8E8DD00084EEC9 /* Connection.swift */ = {isa = PBXFileReference; fileEncoding = 4; lastKnownFileType = sourcecode.swift; path = Connection.swift; sourceTree = "<group>"; };
		3C1978891E8E8DD00084EEC9 /* fts3_tokenizer.h */ = {isa = PBXFileReference; fileEncoding = 4; lastKnownFileType = sourcecode.c.h; path = fts3_tokenizer.h; sourceTree = "<group>"; };
		3C19788A1E8E8DD00084EEC9 /* SQLite-Bridging.h */ = {isa = PBXFileReference; fileEncoding = 4; lastKnownFileType = sourcecode.c.h; path = "SQLite-Bridging.h"; sourceTree = "<group>"; };
		3C19788B1E8E8DD00084EEC9 /* SQLite-Bridging.m */ = {isa = PBXFileReference; fileEncoding = 4; lastKnownFileType = sourcecode.c.objc; path = "SQLite-Bridging.m"; sourceTree = "<group>"; };
		3C19788C1E8E8DD00084EEC9 /* Statement.swift */ = {isa = PBXFileReference; fileEncoding = 4; lastKnownFileType = sourcecode.swift; path = Statement.swift; sourceTree = "<group>"; };
		3C19788D1E8E8DD00084EEC9 /* Value.swift */ = {isa = PBXFileReference; fileEncoding = 4; lastKnownFileType = sourcecode.swift; path = Value.swift; sourceTree = "<group>"; };
		3C19788F1E8E8DD00084EEC9 /* FTS4.swift */ = {isa = PBXFileReference; fileEncoding = 4; lastKnownFileType = sourcecode.swift; path = FTS4.swift; sourceTree = "<group>"; };
		3C1978901E8E8DD00084EEC9 /* FTS5.swift */ = {isa = PBXFileReference; fileEncoding = 4; lastKnownFileType = sourcecode.swift; path = FTS5.swift; sourceTree = "<group>"; };
		3C1978911E8E8DD00084EEC9 /* RTree.swift */ = {isa = PBXFileReference; fileEncoding = 4; lastKnownFileType = sourcecode.swift; path = RTree.swift; sourceTree = "<group>"; };
		3C1978921E8E8DD00084EEC9 /* Foundation.swift */ = {isa = PBXFileReference; fileEncoding = 4; lastKnownFileType = sourcecode.swift; path = Foundation.swift; sourceTree = "<group>"; };
		3C1978931E8E8DD00084EEC9 /* Helpers.swift */ = {isa = PBXFileReference; fileEncoding = 4; lastKnownFileType = sourcecode.swift; path = Helpers.swift; sourceTree = "<group>"; };
		3C1978941E8E8DD00084EEC9 /* SQLite.h */ = {isa = PBXFileReference; fileEncoding = 4; lastKnownFileType = sourcecode.c.h; path = SQLite.h; sourceTree = "<group>"; };
		3C1978961E8E8DD00084EEC9 /* AggregateFunctions.swift */ = {isa = PBXFileReference; fileEncoding = 4; lastKnownFileType = sourcecode.swift; path = AggregateFunctions.swift; sourceTree = "<group>"; };
		3C1978971E8E8DD00084EEC9 /* Collation.swift */ = {isa = PBXFileReference; fileEncoding = 4; lastKnownFileType = sourcecode.swift; path = Collation.swift; sourceTree = "<group>"; };
		3C1978981E8E8DD00084EEC9 /* CoreFunctions.swift */ = {isa = PBXFileReference; fileEncoding = 4; lastKnownFileType = sourcecode.swift; path = CoreFunctions.swift; sourceTree = "<group>"; };
		3C1978991E8E8DD00084EEC9 /* CustomFunctions.swift */ = {isa = PBXFileReference; fileEncoding = 4; lastKnownFileType = sourcecode.swift; path = CustomFunctions.swift; sourceTree = "<group>"; };
		3C19789A1E8E8DD00084EEC9 /* Expression.swift */ = {isa = PBXFileReference; fileEncoding = 4; lastKnownFileType = sourcecode.swift; path = Expression.swift; sourceTree = "<group>"; };
		3C19789B1E8E8DD00084EEC9 /* Operators.swift */ = {isa = PBXFileReference; fileEncoding = 4; lastKnownFileType = sourcecode.swift; path = Operators.swift; sourceTree = "<group>"; };
		3C19789C1E8E8DD00084EEC9 /* Query.swift */ = {isa = PBXFileReference; fileEncoding = 4; lastKnownFileType = sourcecode.swift; path = Query.swift; sourceTree = "<group>"; };
		3C19789D1E8E8DD00084EEC9 /* Schema.swift */ = {isa = PBXFileReference; fileEncoding = 4; lastKnownFileType = sourcecode.swift; path = Schema.swift; sourceTree = "<group>"; };
		3C19789E1E8E8DD00084EEC9 /* Setter.swift */ = {isa = PBXFileReference; fileEncoding = 4; lastKnownFileType = sourcecode.swift; path = Setter.swift; sourceTree = "<group>"; };
		3C1978A01E8E8DD00084EEC9 /* Bundle.swift */ = {isa = PBXFileReference; fileEncoding = 4; lastKnownFileType = sourcecode.swift; path = Bundle.swift; sourceTree = "<group>"; };
		3C1978A11E8E8DD00084EEC9 /* EasyColor.swift */ = {isa = PBXFileReference; fileEncoding = 4; lastKnownFileType = sourcecode.swift; path = EasyColor.swift; sourceTree = "<group>"; };
		3C1978A21E8E8DD00084EEC9 /* EasyTimer.swift */ = {isa = PBXFileReference; fileEncoding = 4; lastKnownFileType = sourcecode.swift; path = EasyTimer.swift; sourceTree = "<group>"; };
		3C1978A31E8E8DD00084EEC9 /* File.swift */ = {isa = PBXFileReference; fileEncoding = 4; lastKnownFileType = sourcecode.swift; path = File.swift; sourceTree = "<group>"; };
		3C1978A41E8E8DD00084EEC9 /* JSON.swift */ = {isa = PBXFileReference; fileEncoding = 4; lastKnownFileType = sourcecode.swift; path = JSON.swift; sourceTree = "<group>"; };
		3C1978A51E8E8DD00084EEC9 /* Math.swift */ = {isa = PBXFileReference; fileEncoding = 4; lastKnownFileType = sourcecode.swift; path = Math.swift; sourceTree = "<group>"; };
		3C1978A71E8E8DD00084EEC9 /* NSDictionary.swift */ = {isa = PBXFileReference; fileEncoding = 4; lastKnownFileType = sourcecode.swift; path = NSDictionary.swift; sourceTree = "<group>"; };
		3C1978A81E8E8DD00084EEC9 /* Session.swift */ = {isa = PBXFileReference; fileEncoding = 4; lastKnownFileType = sourcecode.swift; path = Session.swift; sourceTree = "<group>"; };
		3C1978A91E8E8DD00084EEC9 /* Sky.swift */ = {isa = PBXFileReference; fileEncoding = 4; lastKnownFileType = sourcecode.swift; path = Sky.swift; sourceTree = "<group>"; };
		3C1978AA1E8E8DD00084EEC9 /* SkyFunction.swift */ = {isa = PBXFileReference; fileEncoding = 4; lastKnownFileType = sourcecode.swift; path = SkyFunction.swift; sourceTree = "<group>"; };
		3C1978AB1E8E8DD00084EEC9 /* SoundEffects.swift */ = {isa = PBXFileReference; fileEncoding = 4; lastKnownFileType = sourcecode.swift; path = SoundEffects.swift; sourceTree = "<group>"; };
		3C1978AC1E8E8DD00084EEC9 /* StopWatch.swift */ = {isa = PBXFileReference; fileEncoding = 4; lastKnownFileType = sourcecode.swift; path = StopWatch.swift; sourceTree = "<group>"; };
		3C1978AD1E8E8DD00084EEC9 /* String.swift */ = {isa = PBXFileReference; fileEncoding = 4; lastKnownFileType = sourcecode.swift; path = String.swift; sourceTree = "<group>"; };
		3C1978AE1E8E8DD00084EEC9 /* WKWebView.swift */ = {isa = PBXFileReference; fileEncoding = 4; lastKnownFileType = sourcecode.swift; path = WKWebView.swift; sourceTree = "<group>"; };
		3C1979541E8E8DDB0084EEC9 /* web */ = {isa = PBXFileReference; lastKnownFileType = folder; path = web; sourceTree = "<group>"; };
		3C1979581E8E8DFF0084EEC9 /* libsqlite3.0.tbd */ = {isa = PBXFileReference; lastKnownFileType = "sourcecode.text-based-dylib-definition"; name = libsqlite3.0.tbd; path = Platforms/iPhoneOS.platform/Developer/SDKs/iPhoneOS10.3.sdk/usr/lib/libsqlite3.0.tbd; sourceTree = DEVELOPER_DIR; };
		3C4078941E6B2AEE00FB56BC /* Base */ = {isa = PBXFileReference; lastKnownFileType = file.xib; name = Base; path = Base.lproj/ViewController.xib; sourceTree = "<group>"; };
		3C932E3D1F03C63900CE974B /* KeyboardShortcuts.swift */ = {isa = PBXFileReference; fileEncoding = 4; lastKnownFileType = sourcecode.swift; path = KeyboardShortcuts.swift; sourceTree = "<group>"; };
		3C9CEA731EC634E10006246E /* API.swift */ = {isa = PBXFileReference; fileEncoding = 4; lastKnownFileType = sourcecode.swift; path = API.swift; sourceTree = "<group>"; };
		3C9CEA741EC634E10006246E /* APIResponse.swift */ = {isa = PBXFileReference; fileEncoding = 4; lastKnownFileType = sourcecode.swift; path = APIResponse.swift; sourceTree = "<group>"; };
		3C9CEA751EC634E10006246E /* SSO.swift */ = {isa = PBXFileReference; fileEncoding = 4; lastKnownFileType = sourcecode.swift; path = SSO.swift; sourceTree = "<group>"; };
		3CA2F3DC1E6B1A7B004993D4 /* concept-ios.app */ = {isa = PBXFileReference; explicitFileType = wrapper.application; includeInIndex = 0; path = "concept-ios.app"; sourceTree = BUILT_PRODUCTS_DIR; };
		3CA2F3DF1E6B1A7B004993D4 /* AppDelegate.swift */ = {isa = PBXFileReference; lastKnownFileType = sourcecode.swift; path = AppDelegate.swift; sourceTree = "<group>"; };
		3CA2F3E11E6B1A7B004993D4 /* ViewController.swift */ = {isa = PBXFileReference; lastKnownFileType = sourcecode.swift; path = ViewController.swift; sourceTree = "<group>"; };
		3CA2F3E41E6B1A7B004993D4 /* Base */ = {isa = PBXFileReference; lastKnownFileType = file.storyboard; name = Base; path = Base.lproj/Main.storyboard; sourceTree = "<group>"; };
		3CA2F3E61E6B1A7B004993D4 /* Assets.xcassets */ = {isa = PBXFileReference; lastKnownFileType = folder.assetcatalog; path = Assets.xcassets; sourceTree = "<group>"; };
		3CA2F3E91E6B1A7B004993D4 /* Base */ = {isa = PBXFileReference; lastKnownFileType = file.storyboard; name = Base; path = Base.lproj/LaunchScreen.storyboard; sourceTree = "<group>"; };
		3CA2F3EB1E6B1A7B004993D4 /* Info.plist */ = {isa = PBXFileReference; lastKnownFileType = text.plist.xml; path = Info.plist; sourceTree = "<group>"; };
		3CA2F3F31E6B1AF7004993D4 /* concept-macos.app */ = {isa = PBXFileReference; explicitFileType = wrapper.application; includeInIndex = 0; path = "concept-macos.app"; sourceTree = BUILT_PRODUCTS_DIR; };
		3CA2F3F51E6B1AF7004993D4 /* AppDelegate.swift */ = {isa = PBXFileReference; lastKnownFileType = sourcecode.swift; path = AppDelegate.swift; sourceTree = "<group>"; };
		3CA2F3F71E6B1AF7004993D4 /* Assets.xcassets */ = {isa = PBXFileReference; lastKnownFileType = folder.assetcatalog; path = Assets.xcassets; sourceTree = "<group>"; };
		3CA2F3FA1E6B1AF7004993D4 /* Base */ = {isa = PBXFileReference; lastKnownFileType = file.xib; name = Base; path = Base.lproj/MainMenu.xib; sourceTree = "<group>"; };
		3CA2F3FC1E6B1AF7004993D4 /* Info.plist */ = {isa = PBXFileReference; lastKnownFileType = text.plist.xml; path = Info.plist; sourceTree = "<group>"; };
		3CA2F4011E6B1C1B004993D4 /* bridge.h */ = {isa = PBXFileReference; fileEncoding = 4; lastKnownFileType = sourcecode.c.h; path = bridge.h; sourceTree = "<group>"; };
		3CA2F40C1E6B1C1B004993D4 /* App.swift */ = {isa = PBXFileReference; fileEncoding = 4; lastKnownFileType = sourcecode.swift; path = App.swift; sourceTree = "<group>"; };
		3CA2F40D1E6B1C1B004993D4 /* Fig.swift */ = {isa = PBXFileReference; fileEncoding = 4; lastKnownFileType = sourcecode.swift; path = Fig.swift; sourceTree = "<group>"; };
		3CA2F4881E6B1C7E004993D4 /* css */ = {isa = PBXFileReference; lastKnownFileType = folder; path = css; sourceTree = "<group>"; };
		3CA2F4891E6B1C7E004993D4 /* extra */ = {isa = PBXFileReference; lastKnownFileType = folder; path = extra; sourceTree = "<group>"; };
		3CA2F48A1E6B1C7E004993D4 /* html */ = {isa = PBXFileReference; lastKnownFileType = folder; path = html; sourceTree = "<group>"; };
		3CA2F48B1E6B1C7E004993D4 /* javascript */ = {isa = PBXFileReference; lastKnownFileType = folder; path = javascript; sourceTree = "<group>"; };
		3CA2F4971E6B1DAE004993D4 /* ViewController.swift */ = {isa = PBXFileReference; fileEncoding = 4; lastKnownFileType = sourcecode.swift; path = ViewController.swift; sourceTree = "<group>"; };
		3CEE02201F39147D005147CB /* Int.swift */ = {isa = PBXFileReference; fileEncoding = 4; lastKnownFileType = sourcecode.swift; path = Int.swift; sourceTree = "<group>"; };
/* End PBXFileReference section */

/* Begin PBXFrameworksBuildPhase section */
		3CA2F3D91E6B1A7B004993D4 /* Frameworks */ = {
			isa = PBXFrameworksBuildPhase;
			buildActionMask = 2147483647;
			files = (
				3C1979591E8E8DFF0084EEC9 /* libsqlite3.0.tbd in Frameworks */,
				3C1978F21E8E8DD00084EEC9 /* Crashlytics.framework in Frameworks */,
				3C1978F41E8E8DD00084EEC9 /* Fabric.framework in Frameworks */,
			);
			runOnlyForDeploymentPostprocessing = 0;
		};
		3CA2F3F01E6B1AF7004993D4 /* Frameworks */ = {
			isa = PBXFrameworksBuildPhase;
			buildActionMask = 2147483647;
			files = (
				3C1978F71E8E8DD00084EEC9 /* Crashlytics.framework in Frameworks */,
				3C1978F91E8E8DD00084EEC9 /* Fabric.framework in Frameworks */,
				3C19795A1E8E8E050084EEC9 /* libsqlite3.0.tbd in Frameworks */,
			);
			runOnlyForDeploymentPostprocessing = 0;
		};
/* End PBXFrameworksBuildPhase section */

/* Begin PBXGroup section */
		3C1978581E8E8DD00084EEC9 /* toolkit */ = {
			isa = PBXGroup;
			children = (
				3C1978591E8E8DD00084EEC9 /* alamofire */,
				3C19786D1E8E8DD00084EEC9 /* amazon */,
				3C19787A1E8E8DD00084EEC9 /* crashlytics */,
				3C1978811E8E8DD00084EEC9 /* encryption */,
				3C1978851E8E8DD00084EEC9 /* sqlite */,
				3C19789F1E8E8DD00084EEC9 /* swift */,
				3C1979541E8E8DDB0084EEC9 /* web */,
			);
			path = toolkit;
			sourceTree = "<group>";
		};
		3C1978591E8E8DD00084EEC9 /* alamofire */ = {
			isa = PBXGroup;
			children = (
				3C19785A1E8E8DD00084EEC9 /* AFError.swift */,
				3C19785B1E8E8DD00084EEC9 /* Alamofire.h */,
				3C19785C1E8E8DD00084EEC9 /* Alamofire.swift */,
				3C19785D1E8E8DD00084EEC9 /* DispatchQueue+Alamofire.swift */,
				3C19785E1E8E8DD00084EEC9 /* MultipartFormData.swift */,
				3C19785F1E8E8DD00084EEC9 /* NetworkReachabilityManager.swift */,
				3C1978601E8E8DD00084EEC9 /* Notifications.swift */,
				3C1978611E8E8DD00084EEC9 /* ParameterEncoding.swift */,
				3C1978621E8E8DD00084EEC9 /* PostParameterEncoding.swift */,
				3C1978631E8E8DD00084EEC9 /* Request.swift */,
				3C1978641E8E8DD00084EEC9 /* Response.swift */,
				3C1978651E8E8DD00084EEC9 /* ResponseSerialization.swift */,
				3C1978661E8E8DD00084EEC9 /* Result.swift */,
				3C1978671E8E8DD00084EEC9 /* ServerTrustPolicy.swift */,
				3C1978681E8E8DD00084EEC9 /* SessionDelegate.swift */,
				3C1978691E8E8DD00084EEC9 /* SessionManager.swift */,
				3C19786A1E8E8DD00084EEC9 /* TaskDelegate.swift */,
				3C19786B1E8E8DD00084EEC9 /* Timeline.swift */,
				3C19786C1E8E8DD00084EEC9 /* Validation.swift */,
			);
			path = alamofire;
			sourceTree = "<group>";
		};
		3C19786D1E8E8DD00084EEC9 /* amazon */ = {
			isa = PBXGroup;
			children = (
				3C19786E1E8E8DD00084EEC9 /* AmazonS3ACL.swift */,
				3C19786F1E8E8DD00084EEC9 /* AmazonS3Error.swift */,
				3C1978701E8E8DD00084EEC9 /* AmazonS3RequestManager.h */,
				3C1978711E8E8DD00084EEC9 /* AmazonS3RequestManager.swift */,
				3C1978721E8E8DD00084EEC9 /* AmazonS3RequestSerializer.swift */,
				3C1978731E8E8DD00084EEC9 /* AmazonS3ResponseObjects.swift */,
				3C1978741E8E8DD00084EEC9 /* AmazonS3ResponseSerialization.swift */,
				3C1978751E8E8DD00084EEC9 /* AmazonS3SignatureHelpers.h */,
				3C1978761E8E8DD00084EEC9 /* AmazonS3SignatureHelpers.m */,
				3C1978771E8E8DD00084EEC9 /* SWXMLHash+TypeConversion.swift */,
				3C1978781E8E8DD00084EEC9 /* SWXMLHash.h */,
				3C1978791E8E8DD00084EEC9 /* SWXMLHash.swift */,
			);
			path = amazon;
			sourceTree = "<group>";
		};
		3C19787A1E8E8DD00084EEC9 /* crashlytics */ = {
			isa = PBXGroup;
			children = (
				3C19787B1E8E8DD00084EEC9 /* ios */,
				3C19787E1E8E8DD00084EEC9 /* macos */,
			);
			path = crashlytics;
			sourceTree = "<group>";
		};
		3C19787B1E8E8DD00084EEC9 /* ios */ = {
			isa = PBXGroup;
			children = (
				3C19787C1E8E8DD00084EEC9 /* Crashlytics.framework */,
				3C19787D1E8E8DD00084EEC9 /* Fabric.framework */,
			);
			path = ios;
			sourceTree = "<group>";
		};
		3C19787E1E8E8DD00084EEC9 /* macos */ = {
			isa = PBXGroup;
			children = (
				3C19787F1E8E8DD00084EEC9 /* Crashlytics.framework */,
				3C1978801E8E8DD00084EEC9 /* Fabric.framework */,
			);
			path = macos;
			sourceTree = "<group>";
		};
		3C1978811E8E8DD00084EEC9 /* encryption */ = {
			isa = PBXGroup;
			children = (
				3C1978821E8E8DD00084EEC9 /* CryptLib.h */,
				3C1978831E8E8DD00084EEC9 /* CryptLib.m */,
				3C1978841E8E8DD00084EEC9 /* EasyEncryption.swift */,
			);
			path = encryption;
			sourceTree = "<group>";
		};
		3C1978851E8E8DD00084EEC9 /* sqlite */ = {
			isa = PBXGroup;
			children = (
				3C1978861E8E8DD00084EEC9 /* Core */,
				3C19788E1E8E8DD00084EEC9 /* Extensions */,
				3C1978921E8E8DD00084EEC9 /* Foundation.swift */,
				3C1978931E8E8DD00084EEC9 /* Helpers.swift */,
				3C1979581E8E8DFF0084EEC9 /* libsqlite3.0.tbd */,
				3C1978941E8E8DD00084EEC9 /* SQLite.h */,
				3C1978951E8E8DD00084EEC9 /* Typed */,
			);
			path = sqlite;
			sourceTree = "<group>";
		};
		3C1978861E8E8DD00084EEC9 /* Core */ = {
			isa = PBXGroup;
			children = (
				3C1978871E8E8DD00084EEC9 /* Blob.swift */,
				3C1978881E8E8DD00084EEC9 /* Connection.swift */,
				3C1978891E8E8DD00084EEC9 /* fts3_tokenizer.h */,
				3C19788A1E8E8DD00084EEC9 /* SQLite-Bridging.h */,
				3C19788B1E8E8DD00084EEC9 /* SQLite-Bridging.m */,
				3C19788C1E8E8DD00084EEC9 /* Statement.swift */,
				3C19788D1E8E8DD00084EEC9 /* Value.swift */,
			);
			path = Core;
			sourceTree = "<group>";
		};
		3C19788E1E8E8DD00084EEC9 /* Extensions */ = {
			isa = PBXGroup;
			children = (
				3C19788F1E8E8DD00084EEC9 /* FTS4.swift */,
				3C1978901E8E8DD00084EEC9 /* FTS5.swift */,
				3C1978911E8E8DD00084EEC9 /* RTree.swift */,
			);
			path = Extensions;
			sourceTree = "<group>";
		};
		3C1978951E8E8DD00084EEC9 /* Typed */ = {
			isa = PBXGroup;
			children = (
				3C1978961E8E8DD00084EEC9 /* AggregateFunctions.swift */,
				3C1978971E8E8DD00084EEC9 /* Collation.swift */,
				3C1978981E8E8DD00084EEC9 /* CoreFunctions.swift */,
				3C1978991E8E8DD00084EEC9 /* CustomFunctions.swift */,
				3C19789A1E8E8DD00084EEC9 /* Expression.swift */,
				3C19789B1E8E8DD00084EEC9 /* Operators.swift */,
				3C19789C1E8E8DD00084EEC9 /* Query.swift */,
				3C19789D1E8E8DD00084EEC9 /* Schema.swift */,
				3C19789E1E8E8DD00084EEC9 /* Setter.swift */,
			);
			path = Typed;
			sourceTree = "<group>";
		};
		3C19789F1E8E8DD00084EEC9 /* swift */ = {
			isa = PBXGroup;
			children = (
				3C9CEA731EC634E10006246E /* API.swift */,
				3C9CEA741EC634E10006246E /* APIResponse.swift */,
				3C9CEA751EC634E10006246E /* SSO.swift */,
				3C1978A01E8E8DD00084EEC9 /* Bundle.swift */,
				3C1978A11E8E8DD00084EEC9 /* EasyColor.swift */,
				3C1978A21E8E8DD00084EEC9 /* EasyTimer.swift */,
				3C1978A31E8E8DD00084EEC9 /* File.swift */,
				3C1978A41E8E8DD00084EEC9 /* JSON.swift */,
				3C1978A51E8E8DD00084EEC9 /* Math.swift */,
				3C157F5E1EC639C700D1FBCB /* Network.swift */,
				3C1978A71E8E8DD00084EEC9 /* NSDictionary.swift */,
				3C1978A81E8E8DD00084EEC9 /* Session.swift */,
				3C1978A91E8E8DD00084EEC9 /* Sky.swift */,
				3C1978AA1E8E8DD00084EEC9 /* SkyFunction.swift */,
				3C1978AB1E8E8DD00084EEC9 /* SoundEffects.swift */,
				3C1978AC1E8E8DD00084EEC9 /* StopWatch.swift */,
				3CEE02201F39147D005147CB /* Int.swift */,
				3C1978AD1E8E8DD00084EEC9 /* String.swift */,
				3C1978AE1E8E8DD00084EEC9 /* WKWebView.swift */,
			);
			path = swift;
			sourceTree = "<group>";
		};
		3CA2F3D11E6B19F9004993D4 = {
			isa = PBXGroup;
			children = (
				3C1978581E8E8DD00084EEC9 /* toolkit */,
				3CA2F4001E6B1C1B004993D4 /* concept */,
				3CA2F3DE1E6B1A7B004993D4 /* concept-ios */,
				3CA2F3F41E6B1AF7004993D4 /* concept-macos */,
				3CA2F3DD1E6B1A7B004993D4 /* products */,
			);
			sourceTree = "<group>";
		};
		3CA2F3DD1E6B1A7B004993D4 /* products */ = {
			isa = PBXGroup;
			children = (
				3CA2F3DC1E6B1A7B004993D4 /* concept-ios.app */,
				3CA2F3F31E6B1AF7004993D4 /* concept-macos.app */,
			);
			name = products;
			sourceTree = "<group>";
		};
		3CA2F3DE1E6B1A7B004993D4 /* concept-ios */ = {
			isa = PBXGroup;
			children = (
				3CA2F3DF1E6B1A7B004993D4 /* AppDelegate.swift */,
				3CA2F3E11E6B1A7B004993D4 /* ViewController.swift */,
				3CA2F3E61E6B1A7B004993D4 /* Assets.xcassets */,
				3CA2F3E31E6B1A7B004993D4 /* Main.storyboard */,
				3CA2F3E81E6B1A7B004993D4 /* LaunchScreen.storyboard */,
				3CA2F3EB1E6B1A7B004993D4 /* Info.plist */,
			);
			path = "concept-ios";
			sourceTree = "<group>";
		};
		3CA2F3F41E6B1AF7004993D4 /* concept-macos */ = {
			isa = PBXGroup;
			children = (
				3CA2F3F51E6B1AF7004993D4 /* AppDelegate.swift */,
				3CA2F4971E6B1DAE004993D4 /* ViewController.swift */,
				3C932E3D1F03C63900CE974B /* KeyboardShortcuts.swift */,
				3CA2F3F71E6B1AF7004993D4 /* Assets.xcassets */,
				3CA2F3F91E6B1AF7004993D4 /* MainMenu.xib */,
				3C4078931E6B2AEE00FB56BC /* ViewController.xib */,
				3CA2F3FC1E6B1AF7004993D4 /* Info.plist */,
			);
			path = "concept-macos";
			sourceTree = "<group>";
		};
		3CA2F4001E6B1C1B004993D4 /* concept */ = {
			isa = PBXGroup;
			children = (
				3CA2F4011E6B1C1B004993D4 /* bridge.h */,
				3CA2F48A1E6B1C7E004993D4 /* html */,
				3CA2F4881E6B1C7E004993D4 /* css */,
				3CA2F48B1E6B1C7E004993D4 /* javascript */,
				3CA2F4891E6B1C7E004993D4 /* extra */,
				3CA2F40B1E6B1C1B004993D4 /* swift */,
			);
			path = concept;
			sourceTree = "<group>";
		};
		3CA2F40B1E6B1C1B004993D4 /* swift */ = {
			isa = PBXGroup;
			children = (
				3CA2F40C1E6B1C1B004993D4 /* App.swift */,
				3CA2F40D1E6B1C1B004993D4 /* Fig.swift */,
			);
			path = swift;
			sourceTree = "<group>";
		};
/* End PBXGroup section */

/* Begin PBXNativeTarget section */
		3CA2F3DB1E6B1A7B004993D4 /* concept-ios */ = {
			isa = PBXNativeTarget;
			buildConfigurationList = 3CA2F3EC1E6B1A7B004993D4 /* Build configuration list for PBXNativeTarget "concept-ios" */;
			buildPhases = (
				3CA2F3D81E6B1A7B004993D4 /* Sources */,
				3CA2F3D91E6B1A7B004993D4 /* Frameworks */,
				3CA2F3DA1E6B1A7B004993D4 /* Resources */,
				3CA2F4841E6B1C30004993D4 /* Embed Frameworks */,
			);
			buildRules = (
			);
			dependencies = (
			);
			name = "concept-ios";
			productName = "concept-ios";
			productReference = 3CA2F3DC1E6B1A7B004993D4 /* concept-ios.app */;
			productType = "com.apple.product-type.application";
		};
		3CA2F3F21E6B1AF7004993D4 /* concept-macos */ = {
			isa = PBXNativeTarget;
			buildConfigurationList = 3CA2F3FD1E6B1AF7004993D4 /* Build configuration list for PBXNativeTarget "concept-macos" */;
			buildPhases = (
				3CA2F3EF1E6B1AF7004993D4 /* Sources */,
				3CA2F3F01E6B1AF7004993D4 /* Frameworks */,
				3CA2F3F11E6B1AF7004993D4 /* Resources */,
				3CA2F4871E6B1C37004993D4 /* Embed Frameworks */,
			);
			buildRules = (
			);
			dependencies = (
			);
			name = "concept-macos";
			productName = "concept-macos";
			productReference = 3CA2F3F31E6B1AF7004993D4 /* concept-macos.app */;
			productType = "com.apple.product-type.application";
		};
/* End PBXNativeTarget section */

/* Begin PBXProject section */
		3CA2F3D21E6B19F9004993D4 /* Project object */ = {
			isa = PBXProject;
			attributes = {
				LastSwiftUpdateCheck = 0820;
				LastUpgradeCheck = 0830;
				TargetAttributes = {
					3CA2F3DB1E6B1A7B004993D4 = {
						CreatedOnToolsVersion = 8.2.1;
						DevelopmentTeam = RWVU5G7LNE;
						ProvisioningStyle = Automatic;
					};
					3CA2F3F21E6B1AF7004993D4 = {
						CreatedOnToolsVersion = 8.2.1;
						DevelopmentTeam = RWVU5G7LNE;
						ProvisioningStyle = Automatic;
					};
				};
			};
			buildConfigurationList = 3CA2F3D51E6B19F9004993D4 /* Build configuration list for PBXProject "app-concept" */;
			compatibilityVersion = "Xcode 3.2";
			developmentRegion = English;
			hasScannedForEncodings = 0;
			knownRegions = (
				en,
				Base,
			);
			mainGroup = 3CA2F3D11E6B19F9004993D4;
			productRefGroup = 3CA2F3DD1E6B1A7B004993D4 /* products */;
			projectDirPath = "";
			projectRoot = "";
			targets = (
				3CA2F3DB1E6B1A7B004993D4 /* concept-ios */,
				3CA2F3F21E6B1AF7004993D4 /* concept-macos */,
			);
		};
/* End PBXProject section */

/* Begin PBXResourcesBuildPhase section */
		3CA2F3DA1E6B1A7B004993D4 /* Resources */ = {
			isa = PBXResourcesBuildPhase;
			buildActionMask = 2147483647;
			files = (
				3CA2F3EA1E6B1A7B004993D4 /* LaunchScreen.storyboard in Resources */,
				3C1979551E8E8DDB0084EEC9 /* web in Resources */,
				3CA2F4921E6B1C7E004993D4 /* javascript in Resources */,
				3CA2F3E71E6B1A7B004993D4 /* Assets.xcassets in Resources */,
				3CA2F4901E6B1C7E004993D4 /* html in Resources */,
				3CA2F48E1E6B1C7E004993D4 /* extra in Resources */,
				3CA2F48C1E6B1C7E004993D4 /* css in Resources */,
				3CA2F3E51E6B1A7B004993D4 /* Main.storyboard in Resources */,
			);
			runOnlyForDeploymentPostprocessing = 0;
		};
		3CA2F3F11E6B1AF7004993D4 /* Resources */ = {
			isa = PBXResourcesBuildPhase;
			buildActionMask = 2147483647;
			files = (
				3CA2F48D1E6B1C7E004993D4 /* css in Resources */,
				3C1979561E8E8DDB0084EEC9 /* web in Resources */,
				3CA2F48F1E6B1C7E004993D4 /* extra in Resources */,
				3C4078951E6B2AEE00FB56BC /* ViewController.xib in Resources */,
				3CA2F4911E6B1C7E004993D4 /* html in Resources */,
				3CA2F3F81E6B1AF7004993D4 /* Assets.xcassets in Resources */,
				3CA2F3FB1E6B1AF7004993D4 /* MainMenu.xib in Resources */,
				3CA2F4931E6B1C7E004993D4 /* javascript in Resources */,
			);
			runOnlyForDeploymentPostprocessing = 0;
		};
/* End PBXResourcesBuildPhase section */

/* Begin PBXSourcesBuildPhase section */
		3CA2F3D81E6B1A7B004993D4 /* Sources */ = {
			isa = PBXSourcesBuildPhase;
			buildActionMask = 2147483647;
			files = (
				3C1978CA1E8E8DD00084EEC9 /* PostParameterEncoding.swift in Sources */,
				3C1978E81E8E8DD00084EEC9 /* AmazonS3ResponseObjects.swift in Sources */,
				3C1978E01E8E8DD00084EEC9 /* AmazonS3ACL.swift in Sources */,
				3C1979041E8E8DD00084EEC9 /* Statement.swift in Sources */,
				3C1979141E8E8DD00084EEC9 /* Collation.swift in Sources */,
				3C1978CC1E8E8DD00084EEC9 /* Request.swift in Sources */,
				3C1978FE1E8E8DD00084EEC9 /* Blob.swift in Sources */,
				3C19790E1E8E8DD00084EEC9 /* Foundation.swift in Sources */,
				3C1979321E8E8DD00084EEC9 /* NSDictionary.swift in Sources */,
				3C1979121E8E8DD00084EEC9 /* AggregateFunctions.swift in Sources */,
				3CEE02211F39147D005147CB /* Int.swift in Sources */,
				3C1979021E8E8DD00084EEC9 /* SQLite-Bridging.m in Sources */,
				3C1978DE1E8E8DD00084EEC9 /* Validation.swift in Sources */,
				3C19793E1E8E8DD00084EEC9 /* String.swift in Sources */,
				3C19791A1E8E8DD00084EEC9 /* Expression.swift in Sources */,
				3C1979201E8E8DD00084EEC9 /* Schema.swift in Sources */,
				3C1978C61E8E8DD00084EEC9 /* Notifications.swift in Sources */,
				3C1978D81E8E8DD00084EEC9 /* SessionManager.swift in Sources */,
				3C1978F01E8E8DD00084EEC9 /* SWXMLHash.swift in Sources */,
				3C1978D61E8E8DD00084EEC9 /* SessionDelegate.swift in Sources */,
				3C1978BE1E8E8DD00084EEC9 /* Alamofire.swift in Sources */,
				3C9CEA7A1EC634E10006246E /* SSO.swift in Sources */,
				3C1978C41E8E8DD00084EEC9 /* NetworkReachabilityManager.swift in Sources */,
				3C1978C01E8E8DD00084EEC9 /* DispatchQueue+Alamofire.swift in Sources */,
				3C1979061E8E8DD00084EEC9 /* Value.swift in Sources */,
				3C1979101E8E8DD00084EEC9 /* Helpers.swift in Sources */,
				3C1978E41E8E8DD00084EEC9 /* AmazonS3RequestManager.swift in Sources */,
				3C1978D21E8E8DD00084EEC9 /* Result.swift in Sources */,
				3C1979241E8E8DD00084EEC9 /* Bundle.swift in Sources */,
				3C1979381E8E8DD00084EEC9 /* SkyFunction.swift in Sources */,
				3C1978FA1E8E8DD00084EEC9 /* CryptLib.m in Sources */,
				3C1978CE1E8E8DD00084EEC9 /* Response.swift in Sources */,
				3C19792C1E8E8DD00084EEC9 /* JSON.swift in Sources */,
				3C1979221E8E8DD00084EEC9 /* Setter.swift in Sources */,
				3C1978E61E8E8DD00084EEC9 /* AmazonS3RequestSerializer.swift in Sources */,
				3C1978FC1E8E8DD00084EEC9 /* EasyEncryption.swift in Sources */,
				3C1979361E8E8DD00084EEC9 /* Sky.swift in Sources */,
				3C1978C21E8E8DD00084EEC9 /* MultipartFormData.swift in Sources */,
				3C1978C81E8E8DD00084EEC9 /* ParameterEncoding.swift in Sources */,
				3CA2F4411E6B1C1B004993D4 /* App.swift in Sources */,
				3C19791E1E8E8DD00084EEC9 /* Query.swift in Sources */,
				3C157F5F1EC639C700D1FBCB /* Network.swift in Sources */,
				3C1979341E8E8DD00084EEC9 /* Session.swift in Sources */,
				3C1978D41E8E8DD00084EEC9 /* ServerTrustPolicy.swift in Sources */,
				3C1979181E8E8DD00084EEC9 /* CustomFunctions.swift in Sources */,
				3C1978EE1E8E8DD00084EEC9 /* SWXMLHash+TypeConversion.swift in Sources */,
				3C19792A1E8E8DD00084EEC9 /* File.swift in Sources */,
				3C19790C1E8E8DD00084EEC9 /* RTree.swift in Sources */,
				3C1978EA1E8E8DD00084EEC9 /* AmazonS3ResponseSerialization.swift in Sources */,
				3C1978EC1E8E8DD00084EEC9 /* AmazonS3SignatureHelpers.m in Sources */,
				3CA2F3E21E6B1A7B004993D4 /* ViewController.swift in Sources */,
				3C19792E1E8E8DD00084EEC9 /* Math.swift in Sources */,
				3C19791C1E8E8DD00084EEC9 /* Operators.swift in Sources */,
				3C1979001E8E8DD00084EEC9 /* Connection.swift in Sources */,
				3C19790A1E8E8DD00084EEC9 /* FTS5.swift in Sources */,
				3C9CEA781EC634E10006246E /* APIResponse.swift in Sources */,
				3C19793C1E8E8DD00084EEC9 /* StopWatch.swift in Sources */,
				3C1978DC1E8E8DD00084EEC9 /* Timeline.swift in Sources */,
				3C1979081E8E8DD00084EEC9 /* FTS4.swift in Sources */,
				3C19793A1E8E8DD00084EEC9 /* SoundEffects.swift in Sources */,
				3C1978DA1E8E8DD00084EEC9 /* TaskDelegate.swift in Sources */,
				3C1978BC1E8E8DD00084EEC9 /* AFError.swift in Sources */,
				3C1978E21E8E8DD00084EEC9 /* AmazonS3Error.swift in Sources */,
				3C1979281E8E8DD00084EEC9 /* EasyTimer.swift in Sources */,
				3C1979161E8E8DD00084EEC9 /* CoreFunctions.swift in Sources */,
				3CA2F4431E6B1C1B004993D4 /* Fig.swift in Sources */,
				3C1978D01E8E8DD00084EEC9 /* ResponseSerialization.swift in Sources */,
				3CA2F3E01E6B1A7B004993D4 /* AppDelegate.swift in Sources */,
				3C1979401E8E8DD00084EEC9 /* WKWebView.swift in Sources */,
				3C9CEA761EC634E10006246E /* API.swift in Sources */,
				3C1979261E8E8DD00084EEC9 /* EasyColor.swift in Sources */,
			);
			runOnlyForDeploymentPostprocessing = 0;
		};
		3CA2F3EF1E6B1AF7004993D4 /* Sources */ = {
			isa = PBXSourcesBuildPhase;
			buildActionMask = 2147483647;
			files = (
				3C1978CB1E8E8DD00084EEC9 /* PostParameterEncoding.swift in Sources */,
				3C1978E91E8E8DD00084EEC9 /* AmazonS3ResponseObjects.swift in Sources */,
				3C1978E11E8E8DD00084EEC9 /* AmazonS3ACL.swift in Sources */,
				3C1979051E8E8DD00084EEC9 /* Statement.swift in Sources */,
				3C1979151E8E8DD00084EEC9 /* Collation.swift in Sources */,
				3C1978CD1E8E8DD00084EEC9 /* Request.swift in Sources */,
				3C1978FF1E8E8DD00084EEC9 /* Blob.swift in Sources */,
				3C19790F1E8E8DD00084EEC9 /* Foundation.swift in Sources */,
				3C1979331E8E8DD00084EEC9 /* NSDictionary.swift in Sources */,
				3C1979131E8E8DD00084EEC9 /* AggregateFunctions.swift in Sources */,
				3C1979031E8E8DD00084EEC9 /* SQLite-Bridging.m in Sources */,
				3C1978DF1E8E8DD00084EEC9 /* Validation.swift in Sources */,
				3C19793F1E8E8DD00084EEC9 /* String.swift in Sources */,
				3C19791B1E8E8DD00084EEC9 /* Expression.swift in Sources */,
				3C1979211E8E8DD00084EEC9 /* Schema.swift in Sources */,
				3CEE02221F39147D005147CB /* Int.swift in Sources */,
				3C1978C71E8E8DD00084EEC9 /* Notifications.swift in Sources */,
				3C1978D91E8E8DD00084EEC9 /* SessionManager.swift in Sources */,
				3C1978F11E8E8DD00084EEC9 /* SWXMLHash.swift in Sources */,
				3C1978D71E8E8DD00084EEC9 /* SessionDelegate.swift in Sources */,
				3C1978BF1E8E8DD00084EEC9 /* Alamofire.swift in Sources */,
				3C9CEA7B1EC634E10006246E /* SSO.swift in Sources */,
				3C1978C51E8E8DD00084EEC9 /* NetworkReachabilityManager.swift in Sources */,
				3C1978C11E8E8DD00084EEC9 /* DispatchQueue+Alamofire.swift in Sources */,
				3C1979071E8E8DD00084EEC9 /* Value.swift in Sources */,
				3C1979111E8E8DD00084EEC9 /* Helpers.swift in Sources */,
				3C1978E51E8E8DD00084EEC9 /* AmazonS3RequestManager.swift in Sources */,
				3C932E3E1F03C63900CE974B /* KeyboardShortcuts.swift in Sources */,
				3C1978D31E8E8DD00084EEC9 /* Result.swift in Sources */,
				3C1979251E8E8DD00084EEC9 /* Bundle.swift in Sources */,
				3C1979391E8E8DD00084EEC9 /* SkyFunction.swift in Sources */,
				3C1978FB1E8E8DD00084EEC9 /* CryptLib.m in Sources */,
				3C1978CF1E8E8DD00084EEC9 /* Response.swift in Sources */,
				3C19792D1E8E8DD00084EEC9 /* JSON.swift in Sources */,
				3C1979231E8E8DD00084EEC9 /* Setter.swift in Sources */,
				3C1978E71E8E8DD00084EEC9 /* AmazonS3RequestSerializer.swift in Sources */,
				3C1978FD1E8E8DD00084EEC9 /* EasyEncryption.swift in Sources */,
				3C1979371E8E8DD00084EEC9 /* Sky.swift in Sources */,
				3C1978C31E8E8DD00084EEC9 /* MultipartFormData.swift in Sources */,
				3C1978C91E8E8DD00084EEC9 /* ParameterEncoding.swift in Sources */,
				3CA2F4981E6B1DAE004993D4 /* ViewController.swift in Sources */,
				3C19791F1E8E8DD00084EEC9 /* Query.swift in Sources */,
				3C157F601EC639C700D1FBCB /* Network.swift in Sources */,
				3C1979351E8E8DD00084EEC9 /* Session.swift in Sources */,
				3C1978D51E8E8DD00084EEC9 /* ServerTrustPolicy.swift in Sources */,
				3C1979191E8E8DD00084EEC9 /* CustomFunctions.swift in Sources */,
				3C1978EF1E8E8DD00084EEC9 /* SWXMLHash+TypeConversion.swift in Sources */,
				3C19792B1E8E8DD00084EEC9 /* File.swift in Sources */,
				3C19790D1E8E8DD00084EEC9 /* RTree.swift in Sources */,
				3C1978EB1E8E8DD00084EEC9 /* AmazonS3ResponseSerialization.swift in Sources */,
				3C1978ED1E8E8DD00084EEC9 /* AmazonS3SignatureHelpers.m in Sources */,
				3CA2F3F61E6B1AF7004993D4 /* AppDelegate.swift in Sources */,
				3C19792F1E8E8DD00084EEC9 /* Math.swift in Sources */,
				3C19791D1E8E8DD00084EEC9 /* Operators.swift in Sources */,
				3C1979011E8E8DD00084EEC9 /* Connection.swift in Sources */,
				3C19790B1E8E8DD00084EEC9 /* FTS5.swift in Sources */,
				3C9CEA791EC634E10006246E /* APIResponse.swift in Sources */,
				3C19793D1E8E8DD00084EEC9 /* StopWatch.swift in Sources */,
				3C1978DD1E8E8DD00084EEC9 /* Timeline.swift in Sources */,
				3C1979091E8E8DD00084EEC9 /* FTS4.swift in Sources */,
				3C19793B1E8E8DD00084EEC9 /* SoundEffects.swift in Sources */,
				3C1978DB1E8E8DD00084EEC9 /* TaskDelegate.swift in Sources */,
				3C1978BD1E8E8DD00084EEC9 /* AFError.swift in Sources */,
				3C1978E31E8E8DD00084EEC9 /* AmazonS3Error.swift in Sources */,
				3C1979291E8E8DD00084EEC9 /* EasyTimer.swift in Sources */,
				3C1979171E8E8DD00084EEC9 /* CoreFunctions.swift in Sources */,
				3CA2F4441E6B1C1B004993D4 /* Fig.swift in Sources */,
				3C1978D11E8E8DD00084EEC9 /* ResponseSerialization.swift in Sources */,
				3CA2F4421E6B1C1B004993D4 /* App.swift in Sources */,
				3C1979411E8E8DD00084EEC9 /* WKWebView.swift in Sources */,
				3C9CEA771EC634E10006246E /* API.swift in Sources */,
				3C1979271E8E8DD00084EEC9 /* EasyColor.swift in Sources */,
			);
			runOnlyForDeploymentPostprocessing = 0;
		};
/* End PBXSourcesBuildPhase section */

/* Begin PBXVariantGroup section */
		3C4078931E6B2AEE00FB56BC /* ViewController.xib */ = {
			isa = PBXVariantGroup;
			children = (
				3C4078941E6B2AEE00FB56BC /* Base */,
			);
			name = ViewController.xib;
			sourceTree = "<group>";
		};
		3CA2F3E31E6B1A7B004993D4 /* Main.storyboard */ = {
			isa = PBXVariantGroup;
			children = (
				3CA2F3E41E6B1A7B004993D4 /* Base */,
			);
			name = Main.storyboard;
			sourceTree = "<group>";
		};
		3CA2F3E81E6B1A7B004993D4 /* LaunchScreen.storyboard */ = {
			isa = PBXVariantGroup;
			children = (
				3CA2F3E91E6B1A7B004993D4 /* Base */,
			);
			name = LaunchScreen.storyboard;
			sourceTree = "<group>";
		};
		3CA2F3F91E6B1AF7004993D4 /* MainMenu.xib */ = {
			isa = PBXVariantGroup;
			children = (
				3CA2F3FA1E6B1AF7004993D4 /* Base */,
			);
			name = MainMenu.xib;
			sourceTree = "<group>";
		};
/* End PBXVariantGroup section */

/* Begin XCBuildConfiguration section */
		3CA2F3D61E6B19F9004993D4 /* Debug */ = {
			isa = XCBuildConfiguration;
			buildSettings = {
				CLANG_WARN_BOOL_CONVERSION = YES;
				CLANG_WARN_CONSTANT_CONVERSION = YES;
				CLANG_WARN_EMPTY_BODY = YES;
				CLANG_WARN_ENUM_CONVERSION = YES;
				CLANG_WARN_INFINITE_RECURSION = YES;
				CLANG_WARN_INT_CONVERSION = YES;
				CLANG_WARN_SUSPICIOUS_MOVE = YES;
				CLANG_WARN_UNREACHABLE_CODE = YES;
				CLANG_WARN__DUPLICATE_METHOD_MATCH = YES;
				ENABLE_STRICT_OBJC_MSGSEND = YES;
				ENABLE_TESTABILITY = YES;
				GCC_NO_COMMON_BLOCKS = YES;
				GCC_WARN_64_TO_32_BIT_CONVERSION = YES;
				GCC_WARN_ABOUT_RETURN_TYPE = YES;
				GCC_WARN_UNDECLARED_SELECTOR = YES;
				GCC_WARN_UNINITIALIZED_AUTOS = YES;
				GCC_WARN_UNUSED_FUNCTION = YES;
				GCC_WARN_UNUSED_VARIABLE = YES;
				ONLY_ACTIVE_ARCH = YES;
			};
			name = Debug;
		};
		3CA2F3D71E6B19F9004993D4 /* Release */ = {
			isa = XCBuildConfiguration;
			buildSettings = {
				CLANG_WARN_BOOL_CONVERSION = YES;
				CLANG_WARN_CONSTANT_CONVERSION = YES;
				CLANG_WARN_EMPTY_BODY = YES;
				CLANG_WARN_ENUM_CONVERSION = YES;
				CLANG_WARN_INFINITE_RECURSION = YES;
				CLANG_WARN_INT_CONVERSION = YES;
				CLANG_WARN_SUSPICIOUS_MOVE = YES;
				CLANG_WARN_UNREACHABLE_CODE = YES;
				CLANG_WARN__DUPLICATE_METHOD_MATCH = YES;
				ENABLE_STRICT_OBJC_MSGSEND = YES;
				GCC_NO_COMMON_BLOCKS = YES;
				GCC_WARN_64_TO_32_BIT_CONVERSION = YES;
				GCC_WARN_ABOUT_RETURN_TYPE = YES;
				GCC_WARN_UNDECLARED_SELECTOR = YES;
				GCC_WARN_UNINITIALIZED_AUTOS = YES;
				GCC_WARN_UNUSED_FUNCTION = YES;
				GCC_WARN_UNUSED_VARIABLE = YES;
			};
			name = Release;
		};
		3CA2F3ED1E6B1A7B004993D4 /* Debug */ = {
			isa = XCBuildConfiguration;
			buildSettings = {
				ALWAYS_SEARCH_USER_PATHS = NO;
				ASSETCATALOG_COMPILER_APPICON_NAME = AppIcon;
				CLANG_ANALYZER_NONNULL = YES;
				CLANG_CXX_LANGUAGE_STANDARD = "gnu++0x";
				CLANG_CXX_LIBRARY = "libc++";
				CLANG_ENABLE_MODULES = YES;
				CLANG_ENABLE_OBJC_ARC = YES;
				CLANG_WARN_BOOL_CONVERSION = YES;
				CLANG_WARN_CONSTANT_CONVERSION = YES;
				CLANG_WARN_DIRECT_OBJC_ISA_USAGE = YES_ERROR;
				CLANG_WARN_DOCUMENTATION_COMMENTS = YES;
				CLANG_WARN_EMPTY_BODY = YES;
				CLANG_WARN_ENUM_CONVERSION = YES;
				CLANG_WARN_INFINITE_RECURSION = YES;
				CLANG_WARN_INT_CONVERSION = YES;
				CLANG_WARN_OBJC_ROOT_CLASS = YES_ERROR;
				CLANG_WARN_SUSPICIOUS_MOVE = YES;
				CLANG_WARN_UNREACHABLE_CODE = YES;
				CLANG_WARN__DUPLICATE_METHOD_MATCH = YES;
				"CODE_SIGN_IDENTITY[sdk=iphoneos*]" = "iPhone Developer";
				COPY_PHASE_STRIP = NO;
				DEBUG_INFORMATION_FORMAT = dwarf;
				DEVELOPMENT_TEAM = RWVU5G7LNE;
				ENABLE_STRICT_OBJC_MSGSEND = YES;
				ENABLE_TESTABILITY = YES;
				FRAMEWORK_SEARCH_PATHS = (
					"$(inherited)",
					"$(PROJECT_DIR)/toolkit/crashlytics/ios",
				);
				GCC_C_LANGUAGE_STANDARD = gnu99;
				GCC_DYNAMIC_NO_PIC = NO;
				GCC_NO_COMMON_BLOCKS = YES;
				GCC_OPTIMIZATION_LEVEL = 0;
				GCC_PREPROCESSOR_DEFINITIONS = (
					"DEBUG=1",
					"$(inherited)",
				);
				GCC_WARN_64_TO_32_BIT_CONVERSION = YES;
				GCC_WARN_ABOUT_RETURN_TYPE = YES_ERROR;
				GCC_WARN_UNDECLARED_SELECTOR = YES;
				GCC_WARN_UNINITIALIZED_AUTOS = YES_AGGRESSIVE;
				GCC_WARN_UNUSED_FUNCTION = YES;
				GCC_WARN_UNUSED_VARIABLE = YES;
				INFOPLIST_FILE = "concept-ios/Info.plist";
				IPHONEOS_DEPLOYMENT_TARGET = 9.0;
				LD_RUNPATH_SEARCH_PATHS = "$(inherited) @executable_path/Frameworks";
				MTL_ENABLE_DEBUG_INFO = YES;
				ONLY_ACTIVE_ARCH = YES;
				PRODUCT_BUNDLE_IDENTIFIER = org.branham.concept.ios;
				PRODUCT_NAME = "$(TARGET_NAME)";
				SDKROOT = iphoneos;
				SWIFT_ACTIVE_COMPILATION_CONDITIONS = DEBUG;
				SWIFT_OBJC_BRIDGING_HEADER = concept/bridge.h;
				SWIFT_OPTIMIZATION_LEVEL = "-Onone";
				SWIFT_VERSION = 3.0;
				TARGETED_DEVICE_FAMILY = "1,2";
			};
			name = Debug;
		};
		3CA2F3EE1E6B1A7B004993D4 /* Release */ = {
			isa = XCBuildConfiguration;
			buildSettings = {
				ALWAYS_SEARCH_USER_PATHS = NO;
				ASSETCATALOG_COMPILER_APPICON_NAME = AppIcon;
				CLANG_ANALYZER_NONNULL = YES;
				CLANG_CXX_LANGUAGE_STANDARD = "gnu++0x";
				CLANG_CXX_LIBRARY = "libc++";
				CLANG_ENABLE_MODULES = YES;
				CLANG_ENABLE_OBJC_ARC = YES;
				CLANG_WARN_BOOL_CONVERSION = YES;
				CLANG_WARN_CONSTANT_CONVERSION = YES;
				CLANG_WARN_DIRECT_OBJC_ISA_USAGE = YES_ERROR;
				CLANG_WARN_DOCUMENTATION_COMMENTS = YES;
				CLANG_WARN_EMPTY_BODY = YES;
				CLANG_WARN_ENUM_CONVERSION = YES;
				CLANG_WARN_INFINITE_RECURSION = YES;
				CLANG_WARN_INT_CONVERSION = YES;
				CLANG_WARN_OBJC_ROOT_CLASS = YES_ERROR;
				CLANG_WARN_SUSPICIOUS_MOVE = YES;
				CLANG_WARN_UNREACHABLE_CODE = YES;
				CLANG_WARN__DUPLICATE_METHOD_MATCH = YES;
				"CODE_SIGN_IDENTITY[sdk=iphoneos*]" = "iPhone Developer";
				COPY_PHASE_STRIP = NO;
				DEBUG_INFORMATION_FORMAT = "dwarf-with-dsym";
				DEVELOPMENT_TEAM = RWVU5G7LNE;
				ENABLE_NS_ASSERTIONS = NO;
				ENABLE_STRICT_OBJC_MSGSEND = YES;
				FRAMEWORK_SEARCH_PATHS = (
					"$(inherited)",
					"$(PROJECT_DIR)/toolkit/crashlytics/ios",
				);
				GCC_C_LANGUAGE_STANDARD = gnu99;
				GCC_NO_COMMON_BLOCKS = YES;
				GCC_WARN_64_TO_32_BIT_CONVERSION = YES;
				GCC_WARN_ABOUT_RETURN_TYPE = YES_ERROR;
				GCC_WARN_UNDECLARED_SELECTOR = YES;
				GCC_WARN_UNINITIALIZED_AUTOS = YES_AGGRESSIVE;
				GCC_WARN_UNUSED_FUNCTION = YES;
				GCC_WARN_UNUSED_VARIABLE = YES;
				INFOPLIST_FILE = "concept-ios/Info.plist";
				IPHONEOS_DEPLOYMENT_TARGET = 9.0;
				LD_RUNPATH_SEARCH_PATHS = "$(inherited) @executable_path/Frameworks";
				MTL_ENABLE_DEBUG_INFO = NO;
				PRODUCT_BUNDLE_IDENTIFIER = org.branham.concept.ios;
				PRODUCT_NAME = "$(TARGET_NAME)";
				SDKROOT = iphoneos;
				SWIFT_OBJC_BRIDGING_HEADER = concept/bridge.h;
				SWIFT_OPTIMIZATION_LEVEL = "-Owholemodule";
				SWIFT_VERSION = 3.0;
				TARGETED_DEVICE_FAMILY = "1,2";
				VALIDATE_PRODUCT = YES;
			};
			name = Release;
		};
		3CA2F3FE1E6B1AF7004993D4 /* Debug */ = {
			isa = XCBuildConfiguration;
			buildSettings = {
				ALWAYS_SEARCH_USER_PATHS = NO;
				ASSETCATALOG_COMPILER_APPICON_NAME = AppIcon;
				CLANG_ANALYZER_NONNULL = YES;
				CLANG_CXX_LANGUAGE_STANDARD = "gnu++0x";
				CLANG_CXX_LIBRARY = "libc++";
				CLANG_ENABLE_MODULES = YES;
				CLANG_ENABLE_OBJC_ARC = YES;
				CLANG_WARN_BOOL_CONVERSION = YES;
				CLANG_WARN_CONSTANT_CONVERSION = YES;
				CLANG_WARN_DIRECT_OBJC_ISA_USAGE = YES_ERROR;
				CLANG_WARN_DOCUMENTATION_COMMENTS = YES;
				CLANG_WARN_EMPTY_BODY = YES;
				CLANG_WARN_ENUM_CONVERSION = YES;
				CLANG_WARN_INFINITE_RECURSION = YES;
				CLANG_WARN_INT_CONVERSION = YES;
				CLANG_WARN_OBJC_ROOT_CLASS = YES_ERROR;
				CLANG_WARN_SUSPICIOUS_MOVE = YES;
				CLANG_WARN_UNREACHABLE_CODE = YES;
				CLANG_WARN__DUPLICATE_METHOD_MATCH = YES;
				CODE_SIGN_IDENTITY = "-";
				COMBINE_HIDPI_IMAGES = YES;
				COPY_PHASE_STRIP = NO;
				DEBUG_INFORMATION_FORMAT = dwarf;
				DEVELOPMENT_TEAM = RWVU5G7LNE;
				ENABLE_STRICT_OBJC_MSGSEND = YES;
				ENABLE_TESTABILITY = YES;
				FRAMEWORK_SEARCH_PATHS = (
					"$(inherited)",
					"$(PROJECT_DIR)/toolkit/crashlytics/macos",
				);
				GCC_C_LANGUAGE_STANDARD = gnu99;
				GCC_DYNAMIC_NO_PIC = NO;
				GCC_NO_COMMON_BLOCKS = YES;
				GCC_OPTIMIZATION_LEVEL = 0;
				GCC_PREPROCESSOR_DEFINITIONS = (
					"DEBUG=1",
					"$(inherited)",
				);
				GCC_WARN_64_TO_32_BIT_CONVERSION = YES;
				GCC_WARN_ABOUT_RETURN_TYPE = YES_ERROR;
				GCC_WARN_UNDECLARED_SELECTOR = YES;
				GCC_WARN_UNINITIALIZED_AUTOS = YES_AGGRESSIVE;
				GCC_WARN_UNUSED_FUNCTION = YES;
				GCC_WARN_UNUSED_VARIABLE = YES;
				INFOPLIST_FILE = "concept-macos/Info.plist";
				LD_RUNPATH_SEARCH_PATHS = "$(inherited) @executable_path/../Frameworks";
				MACOSX_DEPLOYMENT_TARGET = 10.12;
				MTL_ENABLE_DEBUG_INFO = YES;
				ONLY_ACTIVE_ARCH = YES;
				PRODUCT_BUNDLE_IDENTIFIER = org.branham.concept.macos;
				PRODUCT_NAME = "$(TARGET_NAME)";
				SDKROOT = macosx;
				SWIFT_ACTIVE_COMPILATION_CONDITIONS = DEBUG;
				SWIFT_OBJC_BRIDGING_HEADER = concept/bridge.h;
				SWIFT_OPTIMIZATION_LEVEL = "-Onone";
				SWIFT_VERSION = 3.0;
			};
			name = Debug;
		};
		3CA2F3FF1E6B1AF7004993D4 /* Release */ = {
			isa = XCBuildConfiguration;
			buildSettings = {
				ALWAYS_SEARCH_USER_PATHS = NO;
				ASSETCATALOG_COMPILER_APPICON_NAME = AppIcon;
				CLANG_ANALYZER_NONNULL = YES;
				CLANG_CXX_LANGUAGE_STANDARD = "gnu++0x";
				CLANG_CXX_LIBRARY = "libc++";
				CLANG_ENABLE_MODULES = YES;
				CLANG_ENABLE_OBJC_ARC = YES;
				CLANG_WARN_BOOL_CONVERSION = YES;
				CLANG_WARN_CONSTANT_CONVERSION = YES;
				CLANG_WARN_DIRECT_OBJC_ISA_USAGE = YES_ERROR;
				CLANG_WARN_DOCUMENTATION_COMMENTS = YES;
				CLANG_WARN_EMPTY_BODY = YES;
				CLANG_WARN_ENUM_CONVERSION = YES;
				CLANG_WARN_INFINITE_RECURSION = YES;
				CLANG_WARN_INT_CONVERSION = YES;
				CLANG_WARN_OBJC_ROOT_CLASS = YES_ERROR;
				CLANG_WARN_SUSPICIOUS_MOVE = YES;
				CLANG_WARN_UNREACHABLE_CODE = YES;
				CLANG_WARN__DUPLICATE_METHOD_MATCH = YES;
				CODE_SIGN_IDENTITY = "-";
				COMBINE_HIDPI_IMAGES = YES;
				COPY_PHASE_STRIP = NO;
				DEBUG_INFORMATION_FORMAT = "dwarf-with-dsym";
				DEVELOPMENT_TEAM = RWVU5G7LNE;
				ENABLE_NS_ASSERTIONS = NO;
				ENABLE_STRICT_OBJC_MSGSEND = YES;
				FRAMEWORK_SEARCH_PATHS = (
					"$(inherited)",
					"$(PROJECT_DIR)/toolkit/crashlytics/macos",
				);
				GCC_C_LANGUAGE_STANDARD = gnu99;
				GCC_NO_COMMON_BLOCKS = YES;
				GCC_WARN_64_TO_32_BIT_CONVERSION = YES;
				GCC_WARN_ABOUT_RETURN_TYPE = YES_ERROR;
				GCC_WARN_UNDECLARED_SELECTOR = YES;
				GCC_WARN_UNINITIALIZED_AUTOS = YES_AGGRESSIVE;
				GCC_WARN_UNUSED_FUNCTION = YES;
				GCC_WARN_UNUSED_VARIABLE = YES;
				INFOPLIST_FILE = "concept-macos/Info.plist";
				LD_RUNPATH_SEARCH_PATHS = "$(inherited) @executable_path/../Frameworks";
				MACOSX_DEPLOYMENT_TARGET = 10.12;
				MTL_ENABLE_DEBUG_INFO = NO;
				PRODUCT_BUNDLE_IDENTIFIER = org.branham.concept.macos;
				PRODUCT_NAME = "$(TARGET_NAME)";
				SDKROOT = macosx;
				SWIFT_OBJC_BRIDGING_HEADER = concept/bridge.h;
				SWIFT_OPTIMIZATION_LEVEL = "-Owholemodule";
				SWIFT_VERSION = 3.0;
			};
			name = Release;
		};
/* End XCBuildConfiguration section */

/* Begin XCConfigurationList section */
		3CA2F3D51E6B19F9004993D4 /* Build configuration list for PBXProject "app-concept" */ = {
			isa = XCConfigurationList;
			buildConfigurations = (
				3CA2F3D61E6B19F9004993D4 /* Debug */,
				3CA2F3D71E6B19F9004993D4 /* Release */,
			);
			defaultConfigurationIsVisible = 0;
			defaultConfigurationName = Release;
		};
		3CA2F3EC1E6B1A7B004993D4 /* Build configuration list for PBXNativeTarget "concept-ios" */ = {
			isa = XCConfigurationList;
			buildConfigurations = (
				3CA2F3ED1E6B1A7B004993D4 /* Debug */,
				3CA2F3EE1E6B1A7B004993D4 /* Release */,
			);
			defaultConfigurationIsVisible = 0;
			defaultConfigurationName = Release;
		};
		3CA2F3FD1E6B1AF7004993D4 /* Build configuration list for PBXNativeTarget "concept-macos" */ = {
			isa = XCConfigurationList;
			buildConfigurations = (
				3CA2F3FE1E6B1AF7004993D4 /* Debug */,
				3CA2F3FF1E6B1AF7004993D4 /* Release */,
			);
			defaultConfigurationIsVisible = 0;
			defaultConfigurationName = Release;
		};
/* End XCConfigurationList section */
	};
	rootObject = 3CA2F3D21E6B19F9004993D4 /* Project object */;
}
